// !$*UTF8*$!
{
	archiveVersion = 1;
	classes = {
	};
	objectVersion = 50;
	objects = {

/* Begin PBXBuildFile section */
		CDA8D78325C2A4ED00CB33D4 /* AppDelegate.swift in Sources */ = {isa = PBXBuildFile; fileRef = CDA8D78225C2A4ED00CB33D4 /* AppDelegate.swift */; };
		CDA8D78725C2A4ED00CB33D4 /* ViewController.swift in Sources */ = {isa = PBXBuildFile; fileRef = CDA8D78625C2A4ED00CB33D4 /* ViewController.swift */; };
		CDA8D78C25C2A4EF00CB33D4 /* Assets.xcassets in Resources */ = {isa = PBXBuildFile; fileRef = CDA8D78B25C2A4EF00CB33D4 /* Assets.xcassets */; };
		CDA8D78F25C2A4EF00CB33D4 /* LaunchScreen.storyboard in Resources */ = {isa = PBXBuildFile; fileRef = CDA8D78D25C2A4EF00CB33D4 /* LaunchScreen.storyboard */; };
		CDC36C60267BAFB900C89C9F /* AudioViewController.mm in Sources */ = {isa = PBXBuildFile; fileRef = CDC36C5F267BAFB900C89C9F /* AudioViewController.mm */; };
		CDC36C63267BB2B300C89C9F /* AVFoundation.framework in Frameworks */ = {isa = PBXBuildFile; fileRef = CDC36C62267BB2B300C89C9F /* AVFoundation.framework */; };
		CDC36C64267BB2D900C89C9F /* libavcodec.a in Frameworks */ = {isa = PBXBuildFile; fileRef = CDC36C59267BAF6100C89C9F /* libavcodec.a */; };
		CDC36C65267BB2D900C89C9F /* libavdevice.a in Frameworks */ = {isa = PBXBuildFile; fileRef = CDC36C58267BAF6100C89C9F /* libavdevice.a */; };
		CDC36C66267BB2D900C89C9F /* libavfilter.a in Frameworks */ = {isa = PBXBuildFile; fileRef = CDC36C5B267BAF6100C89C9F /* libavfilter.a */; };
		CDC36C67267BB2D900C89C9F /* libavformat.a in Frameworks */ = {isa = PBXBuildFile; fileRef = CDC36C5C267BAF6100C89C9F /* libavformat.a */; };
		CDC36C68267BB2D900C89C9F /* libavutil.a in Frameworks */ = {isa = PBXBuildFile; fileRef = CDC36C57267BAF6100C89C9F /* libavutil.a */; };
		CDC36C69267BB2D900C89C9F /* libswresample.a in Frameworks */ = {isa = PBXBuildFile; fileRef = CDC36C5A267BAF6100C89C9F /* libswresample.a */; };
		CDC36C6A267BB2D900C89C9F /* libswscale.a in Frameworks */ = {isa = PBXBuildFile; fileRef = CDC36C56267BAF6100C89C9F /* libswscale.a */; };
		CDC36C6C267BB2F700C89C9F /* libz.tbd in Frameworks */ = {isa = PBXBuildFile; fileRef = CDC36C6B267BB2EB00C89C9F /* libz.tbd */; };
		CDC36C6E267BB31400C89C9F /* libbz2.tbd in Frameworks */ = {isa = PBXBuildFile; fileRef = CDC36C6D267BB30C00C89C9F /* libbz2.tbd */; };
		CDC36C70267BB33000C89C9F /* libiconv.tbd in Frameworks */ = {isa = PBXBuildFile; fileRef = CDC36C6F267BB32700C89C9F /* libiconv.tbd */; };
		CDC36C72267BB33B00C89C9F /* AudioToolbox.framework in Frameworks */ = {isa = PBXBuildFile; fileRef = CDC36C71267BB33B00C89C9F /* AudioToolbox.framework */; };
		CDC36C74267BB34200C89C9F /* VideoToolbox.framework in Frameworks */ = {isa = PBXBuildFile; fileRef = CDC36C73267BB34200C89C9F /* VideoToolbox.framework */; };
		CDC36C76267BB34F00C89C9F /* CoreMedia.framework in Frameworks */ = {isa = PBXBuildFile; fileRef = CDC36C75267BB34F00C89C9F /* CoreMedia.framework */; };
		CDC36C79267BB56500C89C9F /* Test.cpp in Sources */ = {isa = PBXBuildFile; fileRef = CDC36C77267BB56500C89C9F /* Test.cpp */; };
		CDC36C80267C43A900C89C9F /* PermenantThread.m in Sources */ = {isa = PBXBuildFile; fileRef = CDC36C7F267C43A900C89C9F /* PermenantThread.m */; };
		CDCA502E267E468700468FC2 /* CoreVideo.framework in Frameworks */ = {isa = PBXBuildFile; fileRef = CDCA502D267E468700468FC2 /* CoreVideo.framework */; };
		CDCA5030267E46B400468FC2 /* CoreAudio.framework in Frameworks */ = {isa = PBXBuildFile; fileRef = CDCA502F267E46B400468FC2 /* CoreAudio.framework */; };
		CDCA56A4267E47B000468FC2 /* sdl2.pc in Resources */ = {isa = PBXBuildFile; fileRef = CDCA5699267E47B000468FC2 /* sdl2.pc */; };
		CDCA56A5267E47B000468FC2 /* sdl2-config-version.cmake in Resources */ = {isa = PBXBuildFile; fileRef = CDCA569C267E47B000468FC2 /* sdl2-config-version.cmake */; };
		CDCA56A6267E47B000468FC2 /* sdl2-config.cmake in Resources */ = {isa = PBXBuildFile; fileRef = CDCA569D267E47B000468FC2 /* sdl2-config.cmake */; };
		CDCA56A8267E47B000468FC2 /* libSDL2main.a in Frameworks */ = {isa = PBXBuildFile; fileRef = CDCA569F267E47B000468FC2 /* libSDL2main.a */; };
		CDCA56A9267E47B000468FC2 /* libSDL2.a in Frameworks */ = {isa = PBXBuildFile; fileRef = CDCA56A0267E47B000468FC2 /* libSDL2.a */; };
		CDCA570B267E4DFE00468FC2 /* Metal.framework in Frameworks */ = {isa = PBXBuildFile; fileRef = CDCA570A267E4DFE00468FC2 /* Metal.framework */; };
		CDCA570D267E4E3000468FC2 /* OpenGLES.framework in Frameworks */ = {isa = PBXBuildFile; fileRef = CDCA570C267E4E3000468FC2 /* OpenGLES.framework */; };
		CDCA570F267E4E3900468FC2 /* CoreMotion.framework in Frameworks */ = {isa = PBXBuildFile; fileRef = CDCA570E267E4E3900468FC2 /* CoreMotion.framework */; };
		CDCA5713267E4E4B00468FC2 /* UIKit.framework in Frameworks */ = {isa = PBXBuildFile; fileRef = CDCA5712267E4E4B00468FC2 /* UIKit.framework */; };
		CDCA5715267E4E5500468FC2 /* CoreGraphics.framework in Frameworks */ = {isa = PBXBuildFile; fileRef = CDCA5714267E4E5500468FC2 /* CoreGraphics.framework */; };
		CDCA5717267E4E5C00468FC2 /* CoreBluetooth.framework in Frameworks */ = {isa = PBXBuildFile; fileRef = CDCA5716267E4E5C00468FC2 /* CoreBluetooth.framework */; };
		CDCA5719267E4E7000468FC2 /* QuartzCore.framework in Frameworks */ = {isa = PBXBuildFile; fileRef = CDCA5718267E4E7000468FC2 /* QuartzCore.framework */; };
		CDCA571B267E4FC100468FC2 /* Accelerate.framework in Frameworks */ = {isa = PBXBuildFile; fileRef = CDCA571A267E4FC100468FC2 /* Accelerate.framework */; };
		CDCA571D267E51AF00468FC2 /* CoreHaptics.framework in Frameworks */ = {isa = PBXBuildFile; fileRef = CDCA571C267E51AF00468FC2 /* CoreHaptics.framework */; };
/* End PBXBuildFile section */

/* Begin PBXFileReference section */
		CDA8D77F25C2A4ED00CB33D4 /* FaceWorkflow.app */ = {isa = PBXFileReference; explicitFileType = wrapper.application; includeInIndex = 0; path = FaceWorkflow.app; sourceTree = BUILT_PRODUCTS_DIR; };
		CDA8D78225C2A4ED00CB33D4 /* AppDelegate.swift */ = {isa = PBXFileReference; lastKnownFileType = sourcecode.swift; path = AppDelegate.swift; sourceTree = "<group>"; };
		CDA8D78625C2A4ED00CB33D4 /* ViewController.swift */ = {isa = PBXFileReference; lastKnownFileType = sourcecode.swift; path = ViewController.swift; sourceTree = "<group>"; };
		CDA8D78B25C2A4EF00CB33D4 /* Assets.xcassets */ = {isa = PBXFileReference; lastKnownFileType = folder.assetcatalog; path = Assets.xcassets; sourceTree = "<group>"; };
		CDA8D78E25C2A4EF00CB33D4 /* Base */ = {isa = PBXFileReference; lastKnownFileType = file.storyboard; name = Base; path = Base.lproj/LaunchScreen.storyboard; sourceTree = "<group>"; };
		CDA8D79025C2A4EF00CB33D4 /* Info.plist */ = {isa = PBXFileReference; lastKnownFileType = text.plist.xml; path = Info.plist; sourceTree = "<group>"; };
		CDA8D83A25C2A64500CB33D4 /* BridgeHeader.h */ = {isa = PBXFileReference; lastKnownFileType = sourcecode.c.h; path = BridgeHeader.h; sourceTree = "<group>"; };
		CDC36BC4267BAF3A00C89C9F /* version.h */ = {isa = PBXFileReference; fileEncoding = 4; lastKnownFileType = sourcecode.c.h; path = version.h; sourceTree = "<group>"; };
		CDC36BC5267BAF3A00C89C9F /* buffersrc.h */ = {isa = PBXFileReference; fileEncoding = 4; lastKnownFileType = sourcecode.c.h; path = buffersrc.h; sourceTree = "<group>"; };
		CDC36BC6267BAF3A00C89C9F /* buffersink.h */ = {isa = PBXFileReference; fileEncoding = 4; lastKnownFileType = sourcecode.c.h; path = buffersink.h; sourceTree = "<group>"; };
		CDC36BC7267BAF3A00C89C9F /* avfilter.h */ = {isa = PBXFileReference; fileEncoding = 4; lastKnownFileType = sourcecode.c.h; path = avfilter.h; sourceTree = "<group>"; };
		CDC36BC9267BAF3A00C89C9F /* hwcontext.h */ = {isa = PBXFileReference; fileEncoding = 4; lastKnownFileType = sourcecode.c.h; path = hwcontext.h; sourceTree = "<group>"; };
		CDC36BCA267BAF3A00C89C9F /* time.h */ = {isa = PBXFileReference; fileEncoding = 4; lastKnownFileType = sourcecode.c.h; path = time.h; sourceTree = "<group>"; };
		CDC36BCB267BAF3A00C89C9F /* hwcontext_cuda.h */ = {isa = PBXFileReference; fileEncoding = 4; lastKnownFileType = sourcecode.c.h; path = hwcontext_cuda.h; sourceTree = "<group>"; };
		CDC36BCC267BAF3A00C89C9F /* intfloat.h */ = {isa = PBXFileReference; fileEncoding = 4; lastKnownFileType = sourcecode.c.h; path = intfloat.h; sourceTree = "<group>"; };
		CDC36BCD267BAF3A00C89C9F /* error.h */ = {isa = PBXFileReference; fileEncoding = 4; lastKnownFileType = sourcecode.c.h; path = error.h; sourceTree = "<group>"; };
		CDC36BCE267BAF3A00C89C9F /* fifo.h */ = {isa = PBXFileReference; fileEncoding = 4; lastKnownFileType = sourcecode.c.h; path = fifo.h; sourceTree = "<group>"; };
		CDC36BCF267BAF3A00C89C9F /* blowfish.h */ = {isa = PBXFileReference; fileEncoding = 4; lastKnownFileType = sourcecode.c.h; path = blowfish.h; sourceTree = "<group>"; };
		CDC36BD0267BAF3A00C89C9F /* hwcontext_mediacodec.h */ = {isa = PBXFileReference; fileEncoding = 4; lastKnownFileType = sourcecode.c.h; path = hwcontext_mediacodec.h; sourceTree = "<group>"; };
		CDC36BD1267BAF3A00C89C9F /* replaygain.h */ = {isa = PBXFileReference; fileEncoding = 4; lastKnownFileType = sourcecode.c.h; path = replaygain.h; sourceTree = "<group>"; };
		CDC36BD2267BAF3A00C89C9F /* version.h */ = {isa = PBXFileReference; fileEncoding = 4; lastKnownFileType = sourcecode.c.h; path = version.h; sourceTree = "<group>"; };
		CDC36BD3267BAF3A00C89C9F /* murmur3.h */ = {isa = PBXFileReference; fileEncoding = 4; lastKnownFileType = sourcecode.c.h; path = murmur3.h; sourceTree = "<group>"; };
		CDC36BD4267BAF3A00C89C9F /* stereo3d.h */ = {isa = PBXFileReference; fileEncoding = 4; lastKnownFileType = sourcecode.c.h; path = stereo3d.h; sourceTree = "<group>"; };
		CDC36BD5267BAF3A00C89C9F /* samplefmt.h */ = {isa = PBXFileReference; fileEncoding = 4; lastKnownFileType = sourcecode.c.h; path = samplefmt.h; sourceTree = "<group>"; };
		CDC36BD6267BAF3A00C89C9F /* pixdesc.h */ = {isa = PBXFileReference; fileEncoding = 4; lastKnownFileType = sourcecode.c.h; path = pixdesc.h; sourceTree = "<group>"; };
		CDC36BD7267BAF3A00C89C9F /* base64.h */ = {isa = PBXFileReference; fileEncoding = 4; lastKnownFileType = sourcecode.c.h; path = base64.h; sourceTree = "<group>"; };
		CDC36BD8267BAF3A00C89C9F /* rational.h */ = {isa = PBXFileReference; fileEncoding = 4; lastKnownFileType = sourcecode.c.h; path = rational.h; sourceTree = "<group>"; };
		CDC36BD9267BAF3A00C89C9F /* sha.h */ = {isa = PBXFileReference; fileEncoding = 4; lastKnownFileType = sourcecode.c.h; path = sha.h; sourceTree = "<group>"; };
		CDC36BDA267BAF3A00C89C9F /* motion_vector.h */ = {isa = PBXFileReference; fileEncoding = 4; lastKnownFileType = sourcecode.c.h; path = motion_vector.h; sourceTree = "<group>"; };
		CDC36BDB267BAF3A00C89C9F /* avconfig.h */ = {isa = PBXFileReference; fileEncoding = 4; lastKnownFileType = sourcecode.c.h; path = avconfig.h; sourceTree = "<group>"; };
		CDC36BDC267BAF3A00C89C9F /* lfg.h */ = {isa = PBXFileReference; fileEncoding = 4; lastKnownFileType = sourcecode.c.h; path = lfg.h; sourceTree = "<group>"; };
		CDC36BDD267BAF3A00C89C9F /* avutil.h */ = {isa = PBXFileReference; fileEncoding = 4; lastKnownFileType = sourcecode.c.h; path = avutil.h; sourceTree = "<group>"; };
		CDC36BDE267BAF3A00C89C9F /* hwcontext_vulkan.h */ = {isa = PBXFileReference; fileEncoding = 4; lastKnownFileType = sourcecode.c.h; path = hwcontext_vulkan.h; sourceTree = "<group>"; };
		CDC36BDF267BAF3A00C89C9F /* xtea.h */ = {isa = PBXFileReference; fileEncoding = 4; lastKnownFileType = sourcecode.c.h; path = xtea.h; sourceTree = "<group>"; };
		CDC36BE0267BAF3A00C89C9F /* crc.h */ = {isa = PBXFileReference; fileEncoding = 4; lastKnownFileType = sourcecode.c.h; path = crc.h; sourceTree = "<group>"; };
		CDC36BE1267BAF3A00C89C9F /* hwcontext_vdpau.h */ = {isa = PBXFileReference; fileEncoding = 4; lastKnownFileType = sourcecode.c.h; path = hwcontext_vdpau.h; sourceTree = "<group>"; };
		CDC36BE2267BAF3A00C89C9F /* frame.h */ = {isa = PBXFileReference; fileEncoding = 4; lastKnownFileType = sourcecode.c.h; path = frame.h; sourceTree = "<group>"; };
		CDC36BE3267BAF3A00C89C9F /* file.h */ = {isa = PBXFileReference; fileEncoding = 4; lastKnownFileType = sourcecode.c.h; path = file.h; sourceTree = "<group>"; };
		CDC36BE4267BAF3A00C89C9F /* md5.h */ = {isa = PBXFileReference; fileEncoding = 4; lastKnownFileType = sourcecode.c.h; path = md5.h; sourceTree = "<group>"; };
		CDC36BE5267BAF3A00C89C9F /* cast5.h */ = {isa = PBXFileReference; fileEncoding = 4; lastKnownFileType = sourcecode.c.h; path = cast5.h; sourceTree = "<group>"; };
		CDC36BE6267BAF3A00C89C9F /* hwcontext_vaapi.h */ = {isa = PBXFileReference; fileEncoding = 4; lastKnownFileType = sourcecode.c.h; path = hwcontext_vaapi.h; sourceTree = "<group>"; };
		CDC36BE7267BAF3A00C89C9F /* spherical.h */ = {isa = PBXFileReference; fileEncoding = 4; lastKnownFileType = sourcecode.c.h; path = spherical.h; sourceTree = "<group>"; };
		CDC36BE8267BAF3A00C89C9F /* ffversion.h */ = {isa = PBXFileReference; fileEncoding = 4; lastKnownFileType = sourcecode.c.h; path = ffversion.h; sourceTree = "<group>"; };
		CDC36BE9267BAF3A00C89C9F /* hwcontext_opencl.h */ = {isa = PBXFileReference; fileEncoding = 4; lastKnownFileType = sourcecode.c.h; path = hwcontext_opencl.h; sourceTree = "<group>"; };
		CDC36BEA267BAF3A00C89C9F /* audio_fifo.h */ = {isa = PBXFileReference; fileEncoding = 4; lastKnownFileType = sourcecode.c.h; path = audio_fifo.h; sourceTree = "<group>"; };
		CDC36BEB267BAF3A00C89C9F /* tree.h */ = {isa = PBXFileReference; fileEncoding = 4; lastKnownFileType = sourcecode.c.h; path = tree.h; sourceTree = "<group>"; };
		CDC36BEC267BAF3A00C89C9F /* threadmessage.h */ = {isa = PBXFileReference; fileEncoding = 4; lastKnownFileType = sourcecode.c.h; path = threadmessage.h; sourceTree = "<group>"; };
		CDC36BED267BAF3A00C89C9F /* attributes.h */ = {isa = PBXFileReference; fileEncoding = 4; lastKnownFileType = sourcecode.c.h; path = attributes.h; sourceTree = "<group>"; };
		CDC36BEE267BAF3A00C89C9F /* adler32.h */ = {isa = PBXFileReference; fileEncoding = 4; lastKnownFileType = sourcecode.c.h; path = adler32.h; sourceTree = "<group>"; };
		CDC36BEF267BAF3A00C89C9F /* hwcontext_d3d11va.h */ = {isa = PBXFileReference; fileEncoding = 4; lastKnownFileType = sourcecode.c.h; path = hwcontext_d3d11va.h; sourceTree = "<group>"; };
		CDC36BF0267BAF3A00C89C9F /* timecode.h */ = {isa = PBXFileReference; fileEncoding = 4; lastKnownFileType = sourcecode.c.h; path = timecode.h; sourceTree = "<group>"; };
		CDC36BF1267BAF3A00C89C9F /* dovi_meta.h */ = {isa = PBXFileReference; fileEncoding = 4; lastKnownFileType = sourcecode.c.h; path = dovi_meta.h; sourceTree = "<group>"; };
		CDC36BF2267BAF3A00C89C9F /* tx.h */ = {isa = PBXFileReference; fileEncoding = 4; lastKnownFileType = sourcecode.c.h; path = tx.h; sourceTree = "<group>"; };
		CDC36BF3267BAF3A00C89C9F /* sha512.h */ = {isa = PBXFileReference; fileEncoding = 4; lastKnownFileType = sourcecode.c.h; path = sha512.h; sourceTree = "<group>"; };
		CDC36BF4267BAF3A00C89C9F /* hwcontext_dxva2.h */ = {isa = PBXFileReference; fileEncoding = 4; lastKnownFileType = sourcecode.c.h; path = hwcontext_dxva2.h; sourceTree = "<group>"; };
		CDC36BF5267BAF3A00C89C9F /* display.h */ = {isa = PBXFileReference; fileEncoding = 4; lastKnownFileType = sourcecode.c.h; path = display.h; sourceTree = "<group>"; };
		CDC36BF6267BAF3A00C89C9F /* buffer.h */ = {isa = PBXFileReference; fileEncoding = 4; lastKnownFileType = sourcecode.c.h; path = buffer.h; sourceTree = "<group>"; };
		CDC36BF7267BAF3A00C89C9F /* camellia.h */ = {isa = PBXFileReference; fileEncoding = 4; lastKnownFileType = sourcecode.c.h; path = camellia.h; sourceTree = "<group>"; };
		CDC36BF8267BAF3A00C89C9F /* pixelutils.h */ = {isa = PBXFileReference; fileEncoding = 4; lastKnownFileType = sourcecode.c.h; path = pixelutils.h; sourceTree = "<group>"; };
		CDC36BF9267BAF3A00C89C9F /* hwcontext_drm.h */ = {isa = PBXFileReference; fileEncoding = 4; lastKnownFileType = sourcecode.c.h; path = hwcontext_drm.h; sourceTree = "<group>"; };
		CDC36BFA267BAF3A00C89C9F /* common.h */ = {isa = PBXFileReference; fileEncoding = 4; lastKnownFileType = sourcecode.c.h; path = common.h; sourceTree = "<group>"; };
		CDC36BFB267BAF3A00C89C9F /* hmac.h */ = {isa = PBXFileReference; fileEncoding = 4; lastKnownFileType = sourcecode.c.h; path = hmac.h; sourceTree = "<group>"; };
		CDC36BFC267BAF3A00C89C9F /* eval.h */ = {isa = PBXFileReference; fileEncoding = 4; lastKnownFileType = sourcecode.c.h; path = eval.h; sourceTree = "<group>"; };
		CDC36BFD267BAF3A00C89C9F /* dict.h */ = {isa = PBXFileReference; fileEncoding = 4; lastKnownFileType = sourcecode.c.h; path = dict.h; sourceTree = "<group>"; };
		CDC36BFE267BAF3A00C89C9F /* random_seed.h */ = {isa = PBXFileReference; fileEncoding = 4; lastKnownFileType = sourcecode.c.h; path = random_seed.h; sourceTree = "<group>"; };
		CDC36BFF267BAF3A00C89C9F /* opt.h */ = {isa = PBXFileReference; fileEncoding = 4; lastKnownFileType = sourcecode.c.h; path = opt.h; sourceTree = "<group>"; };
		CDC36C00267BAF3A00C89C9F /* mastering_display_metadata.h */ = {isa = PBXFileReference; fileEncoding = 4; lastKnownFileType = sourcecode.c.h; path = mastering_display_metadata.h; sourceTree = "<group>"; };
		CDC36C01267BAF3A00C89C9F /* log.h */ = {isa = PBXFileReference; fileEncoding = 4; lastKnownFileType = sourcecode.c.h; path = log.h; sourceTree = "<group>"; };
		CDC36C02267BAF3A00C89C9F /* aes.h */ = {isa = PBXFileReference; fileEncoding = 4; lastKnownFileType = sourcecode.c.h; path = aes.h; sourceTree = "<group>"; };
		CDC36C03267BAF3A00C89C9F /* macros.h */ = {isa = PBXFileReference; fileEncoding = 4; lastKnownFileType = sourcecode.c.h; path = macros.h; sourceTree = "<group>"; };
		CDC36C04267BAF3A00C89C9F /* bswap.h */ = {isa = PBXFileReference; fileEncoding = 4; lastKnownFileType = sourcecode.c.h; path = bswap.h; sourceTree = "<group>"; };
		CDC36C05267BAF3A00C89C9F /* rc4.h */ = {isa = PBXFileReference; fileEncoding = 4; lastKnownFileType = sourcecode.c.h; path = rc4.h; sourceTree = "<group>"; };
		CDC36C06267BAF3A00C89C9F /* tea.h */ = {isa = PBXFileReference; fileEncoding = 4; lastKnownFileType = sourcecode.c.h; path = tea.h; sourceTree = "<group>"; };
		CDC36C07267BAF3A00C89C9F /* cpu.h */ = {isa = PBXFileReference; fileEncoding = 4; lastKnownFileType = sourcecode.c.h; path = cpu.h; sourceTree = "<group>"; };
		CDC36C08267BAF3A00C89C9F /* lzo.h */ = {isa = PBXFileReference; fileEncoding = 4; lastKnownFileType = sourcecode.c.h; path = lzo.h; sourceTree = "<group>"; };
		CDC36C09267BAF3A00C89C9F /* des.h */ = {isa = PBXFileReference; fileEncoding = 4; lastKnownFileType = sourcecode.c.h; path = des.h; sourceTree = "<group>"; };
		CDC36C0A267BAF3A00C89C9F /* channel_layout.h */ = {isa = PBXFileReference; fileEncoding = 4; lastKnownFileType = sourcecode.c.h; path = channel_layout.h; sourceTree = "<group>"; };
		CDC36C0B267BAF3A00C89C9F /* encryption_info.h */ = {isa = PBXFileReference; fileEncoding = 4; lastKnownFileType = sourcecode.c.h; path = encryption_info.h; sourceTree = "<group>"; };
		CDC36C0C267BAF3A00C89C9F /* twofish.h */ = {isa = PBXFileReference; fileEncoding = 4; lastKnownFileType = sourcecode.c.h; path = twofish.h; sourceTree = "<group>"; };
		CDC36C0D267BAF3A00C89C9F /* imgutils.h */ = {isa = PBXFileReference; fileEncoding = 4; lastKnownFileType = sourcecode.c.h; path = imgutils.h; sourceTree = "<group>"; };
		CDC36C0E267BAF3A00C89C9F /* hwcontext_videotoolbox.h */ = {isa = PBXFileReference; fileEncoding = 4; lastKnownFileType = sourcecode.c.h; path = hwcontext_videotoolbox.h; sourceTree = "<group>"; };
		CDC36C0F267BAF3A00C89C9F /* video_enc_params.h */ = {isa = PBXFileReference; fileEncoding = 4; lastKnownFileType = sourcecode.c.h; path = video_enc_params.h; sourceTree = "<group>"; };
		CDC36C10267BAF3A00C89C9F /* mem.h */ = {isa = PBXFileReference; fileEncoding = 4; lastKnownFileType = sourcecode.c.h; path = mem.h; sourceTree = "<group>"; };
		CDC36C11267BAF3A00C89C9F /* parseutils.h */ = {isa = PBXFileReference; fileEncoding = 4; lastKnownFileType = sourcecode.c.h; path = parseutils.h; sourceTree = "<group>"; };
		CDC36C12267BAF3A00C89C9F /* ripemd.h */ = {isa = PBXFileReference; fileEncoding = 4; lastKnownFileType = sourcecode.c.h; path = ripemd.h; sourceTree = "<group>"; };
		CDC36C13267BAF3A00C89C9F /* bprint.h */ = {isa = PBXFileReference; fileEncoding = 4; lastKnownFileType = sourcecode.c.h; path = bprint.h; sourceTree = "<group>"; };
		CDC36C14267BAF3A00C89C9F /* hdr_dynamic_metadata.h */ = {isa = PBXFileReference; fileEncoding = 4; lastKnownFileType = sourcecode.c.h; path = hdr_dynamic_metadata.h; sourceTree = "<group>"; };
		CDC36C15267BAF3A00C89C9F /* hwcontext_qsv.h */ = {isa = PBXFileReference; fileEncoding = 4; lastKnownFileType = sourcecode.c.h; path = hwcontext_qsv.h; sourceTree = "<group>"; };
		CDC36C16267BAF3A00C89C9F /* pixfmt.h */ = {isa = PBXFileReference; fileEncoding = 4; lastKnownFileType = sourcecode.c.h; path = pixfmt.h; sourceTree = "<group>"; };
		CDC36C17267BAF3A00C89C9F /* aes_ctr.h */ = {isa = PBXFileReference; fileEncoding = 4; lastKnownFileType = sourcecode.c.h; path = aes_ctr.h; sourceTree = "<group>"; };
		CDC36C18267BAF3A00C89C9F /* timestamp.h */ = {isa = PBXFileReference; fileEncoding = 4; lastKnownFileType = sourcecode.c.h; path = timestamp.h; sourceTree = "<group>"; };
		CDC36C19267BAF3A00C89C9F /* downmix_info.h */ = {isa = PBXFileReference; fileEncoding = 4; lastKnownFileType = sourcecode.c.h; path = downmix_info.h; sourceTree = "<group>"; };
		CDC36C1A267BAF3A00C89C9F /* avassert.h */ = {isa = PBXFileReference; fileEncoding = 4; lastKnownFileType = sourcecode.c.h; path = avassert.h; sourceTree = "<group>"; };
		CDC36C1B267BAF3A00C89C9F /* hash.h */ = {isa = PBXFileReference; fileEncoding = 4; lastKnownFileType = sourcecode.c.h; path = hash.h; sourceTree = "<group>"; };
		CDC36C1C267BAF3A00C89C9F /* mathematics.h */ = {isa = PBXFileReference; fileEncoding = 4; lastKnownFileType = sourcecode.c.h; path = mathematics.h; sourceTree = "<group>"; };
		CDC36C1D267BAF3A00C89C9F /* intreadwrite.h */ = {isa = PBXFileReference; fileEncoding = 4; lastKnownFileType = sourcecode.c.h; path = intreadwrite.h; sourceTree = "<group>"; };
		CDC36C1E267BAF3A00C89C9F /* avstring.h */ = {isa = PBXFileReference; fileEncoding = 4; lastKnownFileType = sourcecode.c.h; path = avstring.h; sourceTree = "<group>"; };
		CDC36C20267BAF3A00C89C9F /* version.h */ = {isa = PBXFileReference; fileEncoding = 4; lastKnownFileType = sourcecode.c.h; path = version.h; sourceTree = "<group>"; };
		CDC36C21267BAF3A00C89C9F /* avdevice.h */ = {isa = PBXFileReference; fileEncoding = 4; lastKnownFileType = sourcecode.c.h; path = avdevice.h; sourceTree = "<group>"; };
		CDC36C23267BAF3A00C89C9F /* version.h */ = {isa = PBXFileReference; fileEncoding = 4; lastKnownFileType = sourcecode.c.h; path = version.h; sourceTree = "<group>"; };
		CDC36C24267BAF3A00C89C9F /* avio.h */ = {isa = PBXFileReference; fileEncoding = 4; lastKnownFileType = sourcecode.c.h; path = avio.h; sourceTree = "<group>"; };
		CDC36C25267BAF3A00C89C9F /* avformat.h */ = {isa = PBXFileReference; fileEncoding = 4; lastKnownFileType = sourcecode.c.h; path = avformat.h; sourceTree = "<group>"; };
		CDC36C27267BAF3A00C89C9F /* version.h */ = {isa = PBXFileReference; fileEncoding = 4; lastKnownFileType = sourcecode.c.h; path = version.h; sourceTree = "<group>"; };
		CDC36C28267BAF3A00C89C9F /* swscale.h */ = {isa = PBXFileReference; fileEncoding = 4; lastKnownFileType = sourcecode.c.h; path = swscale.h; sourceTree = "<group>"; };
		CDC36C2A267BAF3A00C89C9F /* adts_parser.h */ = {isa = PBXFileReference; fileEncoding = 4; lastKnownFileType = sourcecode.c.h; path = adts_parser.h; sourceTree = "<group>"; };
		CDC36C2B267BAF3A00C89C9F /* avcodec.h */ = {isa = PBXFileReference; fileEncoding = 4; lastKnownFileType = sourcecode.c.h; path = avcodec.h; sourceTree = "<group>"; };
		CDC36C2C267BAF3A00C89C9F /* version.h */ = {isa = PBXFileReference; fileEncoding = 4; lastKnownFileType = sourcecode.c.h; path = version.h; sourceTree = "<group>"; };
		CDC36C2D267BAF3A00C89C9F /* vdpau.h */ = {isa = PBXFileReference; fileEncoding = 4; lastKnownFileType = sourcecode.c.h; path = vdpau.h; sourceTree = "<group>"; };
		CDC36C2E267BAF3A00C89C9F /* codec_par.h */ = {isa = PBXFileReference; fileEncoding = 4; lastKnownFileType = sourcecode.c.h; path = codec_par.h; sourceTree = "<group>"; };
		CDC36C2F267BAF3A00C89C9F /* qsv.h */ = {isa = PBXFileReference; fileEncoding = 4; lastKnownFileType = sourcecode.c.h; path = qsv.h; sourceTree = "<group>"; };
		CDC36C30267BAF3A00C89C9F /* vaapi.h */ = {isa = PBXFileReference; fileEncoding = 4; lastKnownFileType = sourcecode.c.h; path = vaapi.h; sourceTree = "<group>"; };
		CDC36C31267BAF3A00C89C9F /* codec_desc.h */ = {isa = PBXFileReference; fileEncoding = 4; lastKnownFileType = sourcecode.c.h; path = codec_desc.h; sourceTree = "<group>"; };
		CDC36C32267BAF3A00C89C9F /* videotoolbox.h */ = {isa = PBXFileReference; fileEncoding = 4; lastKnownFileType = sourcecode.c.h; path = videotoolbox.h; sourceTree = "<group>"; };
		CDC36C33267BAF3A00C89C9F /* xvmc.h */ = {isa = PBXFileReference; fileEncoding = 4; lastKnownFileType = sourcecode.c.h; path = xvmc.h; sourceTree = "<group>"; };
		CDC36C34267BAF3A00C89C9F /* mediacodec.h */ = {isa = PBXFileReference; fileEncoding = 4; lastKnownFileType = sourcecode.c.h; path = mediacodec.h; sourceTree = "<group>"; };
		CDC36C35267BAF3A00C89C9F /* d3d11va.h */ = {isa = PBXFileReference; fileEncoding = 4; lastKnownFileType = sourcecode.c.h; path = d3d11va.h; sourceTree = "<group>"; };
		CDC36C36267BAF3A00C89C9F /* avfft.h */ = {isa = PBXFileReference; fileEncoding = 4; lastKnownFileType = sourcecode.c.h; path = avfft.h; sourceTree = "<group>"; };
		CDC36C37267BAF3A00C89C9F /* codec.h */ = {isa = PBXFileReference; fileEncoding = 4; lastKnownFileType = sourcecode.c.h; path = codec.h; sourceTree = "<group>"; };
		CDC36C38267BAF3A00C89C9F /* jni.h */ = {isa = PBXFileReference; fileEncoding = 4; lastKnownFileType = sourcecode.c.h; path = jni.h; sourceTree = "<group>"; };
		CDC36C39267BAF3A00C89C9F /* packet.h */ = {isa = PBXFileReference; fileEncoding = 4; lastKnownFileType = sourcecode.c.h; path = packet.h; sourceTree = "<group>"; };
		CDC36C3A267BAF3A00C89C9F /* bsf.h */ = {isa = PBXFileReference; fileEncoding = 4; lastKnownFileType = sourcecode.c.h; path = bsf.h; sourceTree = "<group>"; };
		CDC36C3B267BAF3A00C89C9F /* codec_id.h */ = {isa = PBXFileReference; fileEncoding = 4; lastKnownFileType = sourcecode.c.h; path = codec_id.h; sourceTree = "<group>"; };
		CDC36C3C267BAF3A00C89C9F /* dirac.h */ = {isa = PBXFileReference; fileEncoding = 4; lastKnownFileType = sourcecode.c.h; path = dirac.h; sourceTree = "<group>"; };
		CDC36C3D267BAF3A00C89C9F /* avdct.h */ = {isa = PBXFileReference; fileEncoding = 4; lastKnownFileType = sourcecode.c.h; path = avdct.h; sourceTree = "<group>"; };
		CDC36C3E267BAF3A00C89C9F /* ac3_parser.h */ = {isa = PBXFileReference; fileEncoding = 4; lastKnownFileType = sourcecode.c.h; path = ac3_parser.h; sourceTree = "<group>"; };
		CDC36C3F267BAF3A00C89C9F /* vorbis_parser.h */ = {isa = PBXFileReference; fileEncoding = 4; lastKnownFileType = sourcecode.c.h; path = vorbis_parser.h; sourceTree = "<group>"; };
		CDC36C40267BAF3A00C89C9F /* dxva2.h */ = {isa = PBXFileReference; fileEncoding = 4; lastKnownFileType = sourcecode.c.h; path = dxva2.h; sourceTree = "<group>"; };
		CDC36C41267BAF3A00C89C9F /* dv_profile.h */ = {isa = PBXFileReference; fileEncoding = 4; lastKnownFileType = sourcecode.c.h; path = dv_profile.h; sourceTree = "<group>"; };
		CDC36C43267BAF3A00C89C9F /* version.h */ = {isa = PBXFileReference; fileEncoding = 4; lastKnownFileType = sourcecode.c.h; path = version.h; sourceTree = "<group>"; };
		CDC36C44267BAF3A00C89C9F /* swresample.h */ = {isa = PBXFileReference; fileEncoding = 4; lastKnownFileType = sourcecode.c.h; path = swresample.h; sourceTree = "<group>"; };
		CDC36C56267BAF6100C89C9F /* libswscale.a */ = {isa = PBXFileReference; lastKnownFileType = archive.ar; path = libswscale.a; sourceTree = "<group>"; };
		CDC36C57267BAF6100C89C9F /* libavutil.a */ = {isa = PBXFileReference; lastKnownFileType = archive.ar; path = libavutil.a; sourceTree = "<group>"; };
		CDC36C58267BAF6100C89C9F /* libavdevice.a */ = {isa = PBXFileReference; lastKnownFileType = archive.ar; path = libavdevice.a; sourceTree = "<group>"; };
		CDC36C59267BAF6100C89C9F /* libavcodec.a */ = {isa = PBXFileReference; lastKnownFileType = archive.ar; path = libavcodec.a; sourceTree = "<group>"; };
		CDC36C5A267BAF6100C89C9F /* libswresample.a */ = {isa = PBXFileReference; lastKnownFileType = archive.ar; path = libswresample.a; sourceTree = "<group>"; };
		CDC36C5B267BAF6100C89C9F /* libavfilter.a */ = {isa = PBXFileReference; lastKnownFileType = archive.ar; path = libavfilter.a; sourceTree = "<group>"; };
		CDC36C5C267BAF6100C89C9F /* libavformat.a */ = {isa = PBXFileReference; lastKnownFileType = archive.ar; path = libavformat.a; sourceTree = "<group>"; };
		CDC36C5E267BAFB900C89C9F /* AudioViewController.h */ = {isa = PBXFileReference; lastKnownFileType = sourcecode.c.h; path = AudioViewController.h; sourceTree = "<group>"; };
		CDC36C5F267BAFB900C89C9F /* AudioViewController.mm */ = {isa = PBXFileReference; lastKnownFileType = sourcecode.cpp.objcpp; path = AudioViewController.mm; sourceTree = "<group>"; };
		CDC36C62267BB2B300C89C9F /* AVFoundation.framework */ = {isa = PBXFileReference; lastKnownFileType = wrapper.framework; name = AVFoundation.framework; path = System/Library/Frameworks/AVFoundation.framework; sourceTree = SDKROOT; };
		CDC36C6B267BB2EB00C89C9F /* libz.tbd */ = {isa = PBXFileReference; lastKnownFileType = "sourcecode.text-based-dylib-definition"; name = libz.tbd; path = usr/lib/libz.tbd; sourceTree = SDKROOT; };
		CDC36C6D267BB30C00C89C9F /* libbz2.tbd */ = {isa = PBXFileReference; lastKnownFileType = "sourcecode.text-based-dylib-definition"; name = libbz2.tbd; path = usr/lib/libbz2.tbd; sourceTree = SDKROOT; };
		CDC36C6F267BB32700C89C9F /* libiconv.tbd */ = {isa = PBXFileReference; lastKnownFileType = "sourcecode.text-based-dylib-definition"; name = libiconv.tbd; path = usr/lib/libiconv.tbd; sourceTree = SDKROOT; };
		CDC36C71267BB33B00C89C9F /* AudioToolbox.framework */ = {isa = PBXFileReference; lastKnownFileType = wrapper.framework; name = AudioToolbox.framework; path = System/Library/Frameworks/AudioToolbox.framework; sourceTree = SDKROOT; };
		CDC36C73267BB34200C89C9F /* VideoToolbox.framework */ = {isa = PBXFileReference; lastKnownFileType = wrapper.framework; name = VideoToolbox.framework; path = System/Library/Frameworks/VideoToolbox.framework; sourceTree = SDKROOT; };
		CDC36C75267BB34F00C89C9F /* CoreMedia.framework */ = {isa = PBXFileReference; lastKnownFileType = wrapper.framework; name = CoreMedia.framework; path = System/Library/Frameworks/CoreMedia.framework; sourceTree = SDKROOT; };
		CDC36C77267BB56500C89C9F /* Test.cpp */ = {isa = PBXFileReference; lastKnownFileType = sourcecode.cpp.cpp; path = Test.cpp; sourceTree = "<group>"; };
		CDC36C78267BB56500C89C9F /* Test.hpp */ = {isa = PBXFileReference; lastKnownFileType = sourcecode.cpp.h; path = Test.hpp; sourceTree = "<group>"; };
		CDC36C7E267C43A900C89C9F /* PermenantThread.h */ = {isa = PBXFileReference; lastKnownFileType = sourcecode.c.h; path = PermenantThread.h; sourceTree = "<group>"; };
		CDC36C7F267C43A900C89C9F /* PermenantThread.m */ = {isa = PBXFileReference; lastKnownFileType = sourcecode.c.objc; path = PermenantThread.m; sourceTree = "<group>"; };
		CDCA502D267E468700468FC2 /* CoreVideo.framework */ = {isa = PBXFileReference; lastKnownFileType = wrapper.framework; name = CoreVideo.framework; path = System/Library/Frameworks/CoreVideo.framework; sourceTree = SDKROOT; };
		CDCA502F267E46B400468FC2 /* CoreAudio.framework */ = {isa = PBXFileReference; lastKnownFileType = wrapper.framework; name = CoreAudio.framework; path = System/Library/Frameworks/CoreAudio.framework; sourceTree = SDKROOT; };
		CDCA5699267E47B000468FC2 /* sdl2.pc */ = {isa = PBXFileReference; fileEncoding = 4; lastKnownFileType = text; path = sdl2.pc; sourceTree = "<group>"; };
		CDCA569C267E47B000468FC2 /* sdl2-config-version.cmake */ = {isa = PBXFileReference; fileEncoding = 4; lastKnownFileType = text; path = "sdl2-config-version.cmake"; sourceTree = "<group>"; };
		CDCA569D267E47B000468FC2 /* sdl2-config.cmake */ = {isa = PBXFileReference; fileEncoding = 4; lastKnownFileType = text; path = "sdl2-config.cmake"; sourceTree = "<group>"; };
		CDCA569F267E47B000468FC2 /* libSDL2main.a */ = {isa = PBXFileReference; lastKnownFileType = archive.ar; path = libSDL2main.a; sourceTree = "<group>"; };
		CDCA56A0267E47B000468FC2 /* libSDL2.a */ = {isa = PBXFileReference; lastKnownFileType = archive.ar; path = libSDL2.a; sourceTree = "<group>"; };
		CDCA56AF267E47BD00468FC2 /* SDL_misc.h */ = {isa = PBXFileReference; fileEncoding = 4; lastKnownFileType = sourcecode.c.h; path = SDL_misc.h; sourceTree = "<group>"; };
		CDCA56B0267E47BD00468FC2 /* SDL_opengles2_gl2ext.h */ = {isa = PBXFileReference; fileEncoding = 4; lastKnownFileType = sourcecode.c.h; path = SDL_opengles2_gl2ext.h; sourceTree = "<group>"; };
		CDCA56B1267E47BD00468FC2 /* SDL_test_random.h */ = {isa = PBXFileReference; fileEncoding = 4; lastKnownFileType = sourcecode.c.h; path = SDL_test_random.h; sourceTree = "<group>"; };
		CDCA56B2267E47BD00468FC2 /* SDL_power.h */ = {isa = PBXFileReference; fileEncoding = 4; lastKnownFileType = sourcecode.c.h; path = SDL_power.h; sourceTree = "<group>"; };
		CDCA56B3267E47BD00468FC2 /* SDL_revision.h */ = {isa = PBXFileReference; fileEncoding = 4; lastKnownFileType = sourcecode.c.h; path = SDL_revision.h; sourceTree = "<group>"; };
		CDCA56B4267E47BD00468FC2 /* SDL_events.h */ = {isa = PBXFileReference; fileEncoding = 4; lastKnownFileType = sourcecode.c.h; path = SDL_events.h; sourceTree = "<group>"; };
		CDCA56B5267E47BD00468FC2 /* SDL_clipboard.h */ = {isa = PBXFileReference; fileEncoding = 4; lastKnownFileType = sourcecode.c.h; path = SDL_clipboard.h; sourceTree = "<group>"; };
		CDCA56B6267E47BD00468FC2 /* SDL_haptic.h */ = {isa = PBXFileReference; fileEncoding = 4; lastKnownFileType = sourcecode.c.h; path = SDL_haptic.h; sourceTree = "<group>"; };
		CDCA56B7267E47BD00468FC2 /* SDL_test.h */ = {isa = PBXFileReference; fileEncoding = 4; lastKnownFileType = sourcecode.c.h; path = SDL_test.h; sourceTree = "<group>"; };
		CDCA56B8267E47BD00468FC2 /* SDL_test_assert.h */ = {isa = PBXFileReference; fileEncoding = 4; lastKnownFileType = sourcecode.c.h; path = SDL_test_assert.h; sourceTree = "<group>"; };
		CDCA56B9267E47BD00468FC2 /* SDL_endian.h */ = {isa = PBXFileReference; fileEncoding = 4; lastKnownFileType = sourcecode.c.h; path = SDL_endian.h; sourceTree = "<group>"; };
		CDCA56BA267E47BD00468FC2 /* SDL_error.h */ = {isa = PBXFileReference; fileEncoding = 4; lastKnownFileType = sourcecode.c.h; path = SDL_error.h; sourceTree = "<group>"; };
		CDCA56BB267E47BD00468FC2 /* begin_code.h */ = {isa = PBXFileReference; fileEncoding = 4; lastKnownFileType = sourcecode.c.h; path = begin_code.h; sourceTree = "<group>"; };
		CDCA56BC267E47BD00468FC2 /* SDL_types.h */ = {isa = PBXFileReference; fileEncoding = 4; lastKnownFileType = sourcecode.c.h; path = SDL_types.h; sourceTree = "<group>"; };
		CDCA56BD267E47BD00468FC2 /* SDL_keycode.h */ = {isa = PBXFileReference; fileEncoding = 4; lastKnownFileType = sourcecode.c.h; path = SDL_keycode.h; sourceTree = "<group>"; };
		CDCA56BE267E47BD00468FC2 /* SDL_keyboard.h */ = {isa = PBXFileReference; fileEncoding = 4; lastKnownFileType = sourcecode.c.h; path = SDL_keyboard.h; sourceTree = "<group>"; };
		CDCA56BF267E47BD00468FC2 /* SDL_opengl_glext.h */ = {isa = PBXFileReference; fileEncoding = 4; lastKnownFileType = sourcecode.c.h; path = SDL_opengl_glext.h; sourceTree = "<group>"; };
		CDCA56C0267E47BD00468FC2 /* SDL_test_crc32.h */ = {isa = PBXFileReference; fileEncoding = 4; lastKnownFileType = sourcecode.c.h; path = SDL_test_crc32.h; sourceTree = "<group>"; };
		CDCA56C1267E47BD00468FC2 /* SDL_test_font.h */ = {isa = PBXFileReference; fileEncoding = 4; lastKnownFileType = sourcecode.c.h; path = SDL_test_font.h; sourceTree = "<group>"; };
		CDCA56C2267E47BD00468FC2 /* SDL_test_log.h */ = {isa = PBXFileReference; fileEncoding = 4; lastKnownFileType = sourcecode.c.h; path = SDL_test_log.h; sourceTree = "<group>"; };
		CDCA56C3267E47BD00468FC2 /* SDL_egl.h */ = {isa = PBXFileReference; fileEncoding = 4; lastKnownFileType = sourcecode.c.h; path = SDL_egl.h; sourceTree = "<group>"; };
		CDCA56C4267E47BD00468FC2 /* SDL_vulkan.h */ = {isa = PBXFileReference; fileEncoding = 4; lastKnownFileType = sourcecode.c.h; path = SDL_vulkan.h; sourceTree = "<group>"; };
		CDCA56C5267E47BD00468FC2 /* SDL_test_memory.h */ = {isa = PBXFileReference; fileEncoding = 4; lastKnownFileType = sourcecode.c.h; path = SDL_test_memory.h; sourceTree = "<group>"; };
		CDCA56C6267E47BD00468FC2 /* SDL_main.h */ = {isa = PBXFileReference; fileEncoding = 4; lastKnownFileType = sourcecode.c.h; path = SDL_main.h; sourceTree = "<group>"; };
		CDCA56C7267E47BD00468FC2 /* SDL_stdinc.h */ = {isa = PBXFileReference; fileEncoding = 4; lastKnownFileType = sourcecode.c.h; path = SDL_stdinc.h; sourceTree = "<group>"; };
		CDCA56C8267E47BD00468FC2 /* SDL_scancode.h */ = {isa = PBXFileReference; fileEncoding = 4; lastKnownFileType = sourcecode.c.h; path = SDL_scancode.h; sourceTree = "<group>"; };
		CDCA56C9267E47BD00468FC2 /* SDL_quit.h */ = {isa = PBXFileReference; fileEncoding = 4; lastKnownFileType = sourcecode.c.h; path = SDL_quit.h; sourceTree = "<group>"; };
		CDCA56CA267E47BD00468FC2 /* SDL_touch.h */ = {isa = PBXFileReference; fileEncoding = 4; lastKnownFileType = sourcecode.c.h; path = SDL_touch.h; sourceTree = "<group>"; };
		CDCA56CB267E47BD00468FC2 /* SDL_opengles2.h */ = {isa = PBXFileReference; fileEncoding = 4; lastKnownFileType = sourcecode.c.h; path = SDL_opengles2.h; sourceTree = "<group>"; };
		CDCA56CC267E47BD00468FC2 /* SDL_test_images.h */ = {isa = PBXFileReference; fileEncoding = 4; lastKnownFileType = sourcecode.c.h; path = SDL_test_images.h; sourceTree = "<group>"; };
		CDCA56CD267E47BD00468FC2 /* SDL_name.h */ = {isa = PBXFileReference; fileEncoding = 4; lastKnownFileType = sourcecode.c.h; path = SDL_name.h; sourceTree = "<group>"; };
		CDCA56CE267E47BD00468FC2 /* SDL_platform.h */ = {isa = PBXFileReference; fileEncoding = 4; lastKnownFileType = sourcecode.c.h; path = SDL_platform.h; sourceTree = "<group>"; };
		CDCA56CF267E47BD00468FC2 /* SDL_shape.h */ = {isa = PBXFileReference; fileEncoding = 4; lastKnownFileType = sourcecode.c.h; path = SDL_shape.h; sourceTree = "<group>"; };
		CDCA56D0267E47BD00468FC2 /* SDL_locale.h */ = {isa = PBXFileReference; fileEncoding = 4; lastKnownFileType = sourcecode.c.h; path = SDL_locale.h; sourceTree = "<group>"; };
		CDCA56D1267E47BD00468FC2 /* SDL_loadso.h */ = {isa = PBXFileReference; fileEncoding = 4; lastKnownFileType = sourcecode.c.h; path = SDL_loadso.h; sourceTree = "<group>"; };
		CDCA56D2267E47BD00468FC2 /* SDL_test_common.h */ = {isa = PBXFileReference; fileEncoding = 4; lastKnownFileType = sourcecode.c.h; path = SDL_test_common.h; sourceTree = "<group>"; };
		CDCA56D3267E47BD00468FC2 /* SDL_config.h */ = {isa = PBXFileReference; fileEncoding = 4; lastKnownFileType = sourcecode.c.h; path = SDL_config.h; sourceTree = "<group>"; };
		CDCA56D4267E47BD00468FC2 /* SDL_audio.h */ = {isa = PBXFileReference; fileEncoding = 4; lastKnownFileType = sourcecode.c.h; path = SDL_audio.h; sourceTree = "<group>"; };
		CDCA56D5267E47BD00468FC2 /* SDL_sensor.h */ = {isa = PBXFileReference; fileEncoding = 4; lastKnownFileType = sourcecode.c.h; path = SDL_sensor.h; sourceTree = "<group>"; };
		CDCA56D6267E47BD00468FC2 /* SDL_opengl.h */ = {isa = PBXFileReference; fileEncoding = 4; lastKnownFileType = sourcecode.c.h; path = SDL_opengl.h; sourceTree = "<group>"; };
		CDCA56D7267E47BD00468FC2 /* SDL_blendmode.h */ = {isa = PBXFileReference; fileEncoding = 4; lastKnownFileType = sourcecode.c.h; path = SDL_blendmode.h; sourceTree = "<group>"; };
		CDCA56D8267E47BD00468FC2 /* SDL_gesture.h */ = {isa = PBXFileReference; fileEncoding = 4; lastKnownFileType = sourcecode.c.h; path = SDL_gesture.h; sourceTree = "<group>"; };
		CDCA56D9267E47BD00468FC2 /* SDL_test_fuzzer.h */ = {isa = PBXFileReference; fileEncoding = 4; lastKnownFileType = sourcecode.c.h; path = SDL_test_fuzzer.h; sourceTree = "<group>"; };
		CDCA56DA267E47BD00468FC2 /* SDL_opengles.h */ = {isa = PBXFileReference; fileEncoding = 4; lastKnownFileType = sourcecode.c.h; path = SDL_opengles.h; sourceTree = "<group>"; };
		CDCA56DB267E47BD00468FC2 /* SDL_system.h */ = {isa = PBXFileReference; fileEncoding = 4; lastKnownFileType = sourcecode.c.h; path = SDL_system.h; sourceTree = "<group>"; };
		CDCA56DC267E47BD00468FC2 /* SDL_hints.h */ = {isa = PBXFileReference; fileEncoding = 4; lastKnownFileType = sourcecode.c.h; path = SDL_hints.h; sourceTree = "<group>"; };
		CDCA56DD267E47BD00468FC2 /* SDL_mouse.h */ = {isa = PBXFileReference; fileEncoding = 4; lastKnownFileType = sourcecode.c.h; path = SDL_mouse.h; sourceTree = "<group>"; };
		CDCA56DE267E47BD00468FC2 /* SDL_timer.h */ = {isa = PBXFileReference; fileEncoding = 4; lastKnownFileType = sourcecode.c.h; path = SDL_timer.h; sourceTree = "<group>"; };
		CDCA56DF267E47BD00468FC2 /* SDL_surface.h */ = {isa = PBXFileReference; fileEncoding = 4; lastKnownFileType = sourcecode.c.h; path = SDL_surface.h; sourceTree = "<group>"; };
		CDCA56E0267E47BD00468FC2 /* SDL_atomic.h */ = {isa = PBXFileReference; fileEncoding = 4; lastKnownFileType = sourcecode.c.h; path = SDL_atomic.h; sourceTree = "<group>"; };
		CDCA56E1267E47BD00468FC2 /* SDL_log.h */ = {isa = PBXFileReference; fileEncoding = 4; lastKnownFileType = sourcecode.c.h; path = SDL_log.h; sourceTree = "<group>"; };
		CDCA56E2267E47BD00468FC2 /* SDL_rwops.h */ = {isa = PBXFileReference; fileEncoding = 4; lastKnownFileType = sourcecode.c.h; path = SDL_rwops.h; sourceTree = "<group>"; };
		CDCA56E3267E47BD00468FC2 /* SDL_render.h */ = {isa = PBXFileReference; fileEncoding = 4; lastKnownFileType = sourcecode.c.h; path = SDL_render.h; sourceTree = "<group>"; };
		CDCA56E4267E47BD00468FC2 /* SDL_syswm.h */ = {isa = PBXFileReference; fileEncoding = 4; lastKnownFileType = sourcecode.c.h; path = SDL_syswm.h; sourceTree = "<group>"; };
		CDCA56E5267E47BD00468FC2 /* SDL_bits.h */ = {isa = PBXFileReference; fileEncoding = 4; lastKnownFileType = sourcecode.c.h; path = SDL_bits.h; sourceTree = "<group>"; };
		CDCA56E6267E47BD00468FC2 /* SDL_video.h */ = {isa = PBXFileReference; fileEncoding = 4; lastKnownFileType = sourcecode.c.h; path = SDL_video.h; sourceTree = "<group>"; };
		CDCA56E7267E47BD00468FC2 /* SDL_assert.h */ = {isa = PBXFileReference; fileEncoding = 4; lastKnownFileType = sourcecode.c.h; path = SDL_assert.h; sourceTree = "<group>"; };
		CDCA56E8267E47BD00468FC2 /* SDL_version.h */ = {isa = PBXFileReference; fileEncoding = 4; lastKnownFileType = sourcecode.c.h; path = SDL_version.h; sourceTree = "<group>"; };
		CDCA56E9267E47BD00468FC2 /* SDL_gamecontroller.h */ = {isa = PBXFileReference; fileEncoding = 4; lastKnownFileType = sourcecode.c.h; path = SDL_gamecontroller.h; sourceTree = "<group>"; };
		CDCA56EA267E47BD00468FC2 /* SDL_thread.h */ = {isa = PBXFileReference; fileEncoding = 4; lastKnownFileType = sourcecode.c.h; path = SDL_thread.h; sourceTree = "<group>"; };
		CDCA56EB267E47BD00468FC2 /* SDL_test_harness.h */ = {isa = PBXFileReference; fileEncoding = 4; lastKnownFileType = sourcecode.c.h; path = SDL_test_harness.h; sourceTree = "<group>"; };
		CDCA56EC267E47BD00468FC2 /* SDL_rect.h */ = {isa = PBXFileReference; fileEncoding = 4; lastKnownFileType = sourcecode.c.h; path = SDL_rect.h; sourceTree = "<group>"; };
		CDCA56ED267E47BD00468FC2 /* SDL_metal.h */ = {isa = PBXFileReference; fileEncoding = 4; lastKnownFileType = sourcecode.c.h; path = SDL_metal.h; sourceTree = "<group>"; };
		CDCA56EE267E47BD00468FC2 /* SDL_mutex.h */ = {isa = PBXFileReference; fileEncoding = 4; lastKnownFileType = sourcecode.c.h; path = SDL_mutex.h; sourceTree = "<group>"; };
		CDCA56EF267E47BD00468FC2 /* close_code.h */ = {isa = PBXFileReference; fileEncoding = 4; lastKnownFileType = sourcecode.c.h; path = close_code.h; sourceTree = "<group>"; };
		CDCA56F0267E47BD00468FC2 /* SDL_joystick.h */ = {isa = PBXFileReference; fileEncoding = 4; lastKnownFileType = sourcecode.c.h; path = SDL_joystick.h; sourceTree = "<group>"; };
		CDCA56F1267E47BD00468FC2 /* SDL.h */ = {isa = PBXFileReference; fileEncoding = 4; lastKnownFileType = sourcecode.c.h; path = SDL.h; sourceTree = "<group>"; };
		CDCA56F2267E47BD00468FC2 /* SDL_filesystem.h */ = {isa = PBXFileReference; fileEncoding = 4; lastKnownFileType = sourcecode.c.h; path = SDL_filesystem.h; sourceTree = "<group>"; };
		CDCA56F3267E47BD00468FC2 /* SDL_messagebox.h */ = {isa = PBXFileReference; fileEncoding = 4; lastKnownFileType = sourcecode.c.h; path = SDL_messagebox.h; sourceTree = "<group>"; };
		CDCA56F4267E47BD00468FC2 /* SDL_opengles2_gl2platform.h */ = {isa = PBXFileReference; fileEncoding = 4; lastKnownFileType = sourcecode.c.h; path = SDL_opengles2_gl2platform.h; sourceTree = "<group>"; };
		CDCA56F5267E47BD00468FC2 /* SDL_opengles2_khrplatform.h */ = {isa = PBXFileReference; fileEncoding = 4; lastKnownFileType = sourcecode.c.h; path = SDL_opengles2_khrplatform.h; sourceTree = "<group>"; };
		CDCA56F6267E47BD00468FC2 /* SDL_test_md5.h */ = {isa = PBXFileReference; fileEncoding = 4; lastKnownFileType = sourcecode.c.h; path = SDL_test_md5.h; sourceTree = "<group>"; };
		CDCA56F7267E47BD00468FC2 /* SDL_pixels.h */ = {isa = PBXFileReference; fileEncoding = 4; lastKnownFileType = sourcecode.c.h; path = SDL_pixels.h; sourceTree = "<group>"; };
		CDCA56F8267E47BD00468FC2 /* SDL_cpuinfo.h */ = {isa = PBXFileReference; fileEncoding = 4; lastKnownFileType = sourcecode.c.h; path = SDL_cpuinfo.h; sourceTree = "<group>"; };
		CDCA56F9267E47BD00468FC2 /* SDL_test_compare.h */ = {isa = PBXFileReference; fileEncoding = 4; lastKnownFileType = sourcecode.c.h; path = SDL_test_compare.h; sourceTree = "<group>"; };
		CDCA56FA267E47BD00468FC2 /* SDL_opengles2_gl2.h */ = {isa = PBXFileReference; fileEncoding = 4; lastKnownFileType = sourcecode.c.h; path = SDL_opengles2_gl2.h; sourceTree = "<group>"; };
		CDCA570A267E4DFE00468FC2 /* Metal.framework */ = {isa = PBXFileReference; lastKnownFileType = wrapper.framework; name = Metal.framework; path = System/Library/Frameworks/Metal.framework; sourceTree = SDKROOT; };
		CDCA570C267E4E3000468FC2 /* OpenGLES.framework */ = {isa = PBXFileReference; lastKnownFileType = wrapper.framework; name = OpenGLES.framework; path = System/Library/Frameworks/OpenGLES.framework; sourceTree = SDKROOT; };
		CDCA570E267E4E3900468FC2 /* CoreMotion.framework */ = {isa = PBXFileReference; lastKnownFileType = wrapper.framework; name = CoreMotion.framework; path = System/Library/Frameworks/CoreMotion.framework; sourceTree = SDKROOT; };
		CDCA5710267E4E4400468FC2 /* GameController.framework */ = {isa = PBXFileReference; lastKnownFileType = wrapper.framework; name = GameController.framework; path = System/Library/Frameworks/GameController.framework; sourceTree = SDKROOT; };
		CDCA5712267E4E4B00468FC2 /* UIKit.framework */ = {isa = PBXFileReference; lastKnownFileType = wrapper.framework; name = UIKit.framework; path = System/Library/Frameworks/UIKit.framework; sourceTree = SDKROOT; };
		CDCA5714267E4E5500468FC2 /* CoreGraphics.framework */ = {isa = PBXFileReference; lastKnownFileType = wrapper.framework; name = CoreGraphics.framework; path = System/Library/Frameworks/CoreGraphics.framework; sourceTree = SDKROOT; };
		CDCA5716267E4E5C00468FC2 /* CoreBluetooth.framework */ = {isa = PBXFileReference; lastKnownFileType = wrapper.framework; name = CoreBluetooth.framework; path = System/Library/Frameworks/CoreBluetooth.framework; sourceTree = SDKROOT; };
		CDCA5718267E4E7000468FC2 /* QuartzCore.framework */ = {isa = PBXFileReference; lastKnownFileType = wrapper.framework; name = QuartzCore.framework; path = System/Library/Frameworks/QuartzCore.framework; sourceTree = SDKROOT; };
		CDCA571A267E4FC100468FC2 /* Accelerate.framework */ = {isa = PBXFileReference; lastKnownFileType = wrapper.framework; name = Accelerate.framework; path = System/Library/Frameworks/Accelerate.framework; sourceTree = SDKROOT; };
		CDCA571C267E51AF00468FC2 /* CoreHaptics.framework */ = {isa = PBXFileReference; lastKnownFileType = wrapper.framework; name = CoreHaptics.framework; path = System/Library/Frameworks/CoreHaptics.framework; sourceTree = SDKROOT; };
/* End PBXFileReference section */

/* Begin PBXFrameworksBuildPhase section */
		CDA8D77C25C2A4ED00CB33D4 /* Frameworks */ = {
			isa = PBXFrameworksBuildPhase;
			buildActionMask = 2147483647;
			files = (
				CDC36C68267BB2D900C89C9F /* libavutil.a in Frameworks */,
				CDCA5713267E4E4B00468FC2 /* UIKit.framework in Frameworks */,
				CDCA56A8267E47B000468FC2 /* libSDL2main.a in Frameworks */,
				CDCA570B267E4DFE00468FC2 /* Metal.framework in Frameworks */,
				CDCA56A9267E47B000468FC2 /* libSDL2.a in Frameworks */,
				CDCA571B267E4FC100468FC2 /* Accelerate.framework in Frameworks */,
				CDC36C74267BB34200C89C9F /* VideoToolbox.framework in Frameworks */,
				CDC36C6E267BB31400C89C9F /* libbz2.tbd in Frameworks */,
				CDCA5719267E4E7000468FC2 /* QuartzCore.framework in Frameworks */,
				CDC36C66267BB2D900C89C9F /* libavfilter.a in Frameworks */,
				CDCA5030267E46B400468FC2 /* CoreAudio.framework in Frameworks */,
				CDC36C63267BB2B300C89C9F /* AVFoundation.framework in Frameworks */,
				CDC36C65267BB2D900C89C9F /* libavdevice.a in Frameworks */,
				CDC36C76267BB34F00C89C9F /* CoreMedia.framework in Frameworks */,
				CDC36C6A267BB2D900C89C9F /* libswscale.a in Frameworks */,
				CDC36C67267BB2D900C89C9F /* libavformat.a in Frameworks */,
				CDCA5717267E4E5C00468FC2 /* CoreBluetooth.framework in Frameworks */,
				CDCA570D267E4E3000468FC2 /* OpenGLES.framework in Frameworks */,
				CDC36C70267BB33000C89C9F /* libiconv.tbd in Frameworks */,
				CDCA571D267E51AF00468FC2 /* CoreHaptics.framework in Frameworks */,
				CDC36C69267BB2D900C89C9F /* libswresample.a in Frameworks */,
				CDC36C6C267BB2F700C89C9F /* libz.tbd in Frameworks */,
				CDC36C64267BB2D900C89C9F /* libavcodec.a in Frameworks */,
				CDC36C72267BB33B00C89C9F /* AudioToolbox.framework in Frameworks */,
				CDCA502E267E468700468FC2 /* CoreVideo.framework in Frameworks */,
				CDCA5715267E4E5500468FC2 /* CoreGraphics.framework in Frameworks */,
				CDCA570F267E4E3900468FC2 /* CoreMotion.framework in Frameworks */,
			);
			runOnlyForDeploymentPostprocessing = 0;
		};
/* End PBXFrameworksBuildPhase section */

/* Begin PBXGroup section */
		CDA8D77625C2A4ED00CB33D4 = {
			isa = PBXGroup;
			children = (
				CDA8D78125C2A4ED00CB33D4 /* FaceWorkflow */,
				CDA8D78025C2A4ED00CB33D4 /* Products */,
				CDC36C61267BB2B300C89C9F /* Frameworks */,
			);
			sourceTree = "<group>";
		};
		CDA8D78025C2A4ED00CB33D4 /* Products */ = {
			isa = PBXGroup;
			children = (
				CDA8D77F25C2A4ED00CB33D4 /* FaceWorkflow.app */,
			);
			name = Products;
			sourceTree = "<group>";
		};
		CDA8D78125C2A4ED00CB33D4 /* FaceWorkflow */ = {
			isa = PBXGroup;
			children = (
				CDC36C7D267C437800C89C9F /* Utils */,
				CDC36C5D267BAF9500C89C9F /* RecordAudio */,
				CDA8D83825C2A61D00CB33D4 /* Middleware */,
				CDA8D79725C2A50700CB33D4 /* Lib */,
				CDA8D78225C2A4ED00CB33D4 /* AppDelegate.swift */,
				CDA8D78625C2A4ED00CB33D4 /* ViewController.swift */,
				CDA8D78B25C2A4EF00CB33D4 /* Assets.xcassets */,
				CDA8D78D25C2A4EF00CB33D4 /* LaunchScreen.storyboard */,
				CDA8D79025C2A4EF00CB33D4 /* Info.plist */,
			);
			path = FaceWorkflow;
			sourceTree = "<group>";
		};
		CDA8D79725C2A50700CB33D4 /* Lib */ = {
			isa = PBXGroup;
			children = (
				CDCA4FBC267E443E00468FC2 /* SDL */,
				CDC36C54267BAF5700C89C9F /* FFmpeg */,
			);
			path = Lib;
			sourceTree = "<group>";
		};
		CDA8D83825C2A61D00CB33D4 /* Middleware */ = {
			isa = PBXGroup;
			children = (
				CDA8D83A25C2A64500CB33D4 /* BridgeHeader.h */,
			);
			path = Middleware;
			sourceTree = "<group>";
		};
		CDC36BC2267BAF3A00C89C9F /* include */ = {
			isa = PBXGroup;
			children = (
				CDC36BC3267BAF3A00C89C9F /* libavfilter */,
				CDC36BC8267BAF3A00C89C9F /* libavutil */,
				CDC36C1F267BAF3A00C89C9F /* libavdevice */,
				CDC36C22267BAF3A00C89C9F /* libavformat */,
				CDC36C26267BAF3A00C89C9F /* libswscale */,
				CDC36C29267BAF3A00C89C9F /* libavcodec */,
				CDC36C42267BAF3A00C89C9F /* libswresample */,
			);
			path = include;
			sourceTree = "<group>";
		};
		CDC36BC3267BAF3A00C89C9F /* libavfilter */ = {
			isa = PBXGroup;
			children = (
				CDC36BC4267BAF3A00C89C9F /* version.h */,
				CDC36BC5267BAF3A00C89C9F /* buffersrc.h */,
				CDC36BC6267BAF3A00C89C9F /* buffersink.h */,
				CDC36BC7267BAF3A00C89C9F /* avfilter.h */,
			);
			path = libavfilter;
			sourceTree = "<group>";
		};
		CDC36BC8267BAF3A00C89C9F /* libavutil */ = {
			isa = PBXGroup;
			children = (
				CDC36BC9267BAF3A00C89C9F /* hwcontext.h */,
				CDC36BCA267BAF3A00C89C9F /* time.h */,
				CDC36BCB267BAF3A00C89C9F /* hwcontext_cuda.h */,
				CDC36BCC267BAF3A00C89C9F /* intfloat.h */,
				CDC36BCD267BAF3A00C89C9F /* error.h */,
				CDC36BCE267BAF3A00C89C9F /* fifo.h */,
				CDC36BCF267BAF3A00C89C9F /* blowfish.h */,
				CDC36BD0267BAF3A00C89C9F /* hwcontext_mediacodec.h */,
				CDC36BD1267BAF3A00C89C9F /* replaygain.h */,
				CDC36BD2267BAF3A00C89C9F /* version.h */,
				CDC36BD3267BAF3A00C89C9F /* murmur3.h */,
				CDC36BD4267BAF3A00C89C9F /* stereo3d.h */,
				CDC36BD5267BAF3A00C89C9F /* samplefmt.h */,
				CDC36BD6267BAF3A00C89C9F /* pixdesc.h */,
				CDC36BD7267BAF3A00C89C9F /* base64.h */,
				CDC36BD8267BAF3A00C89C9F /* rational.h */,
				CDC36BD9267BAF3A00C89C9F /* sha.h */,
				CDC36BDA267BAF3A00C89C9F /* motion_vector.h */,
				CDC36BDB267BAF3A00C89C9F /* avconfig.h */,
				CDC36BDC267BAF3A00C89C9F /* lfg.h */,
				CDC36BDD267BAF3A00C89C9F /* avutil.h */,
				CDC36BDE267BAF3A00C89C9F /* hwcontext_vulkan.h */,
				CDC36BDF267BAF3A00C89C9F /* xtea.h */,
				CDC36BE0267BAF3A00C89C9F /* crc.h */,
				CDC36BE1267BAF3A00C89C9F /* hwcontext_vdpau.h */,
				CDC36BE2267BAF3A00C89C9F /* frame.h */,
				CDC36BE3267BAF3A00C89C9F /* file.h */,
				CDC36BE4267BAF3A00C89C9F /* md5.h */,
				CDC36BE5267BAF3A00C89C9F /* cast5.h */,
				CDC36BE6267BAF3A00C89C9F /* hwcontext_vaapi.h */,
				CDC36BE7267BAF3A00C89C9F /* spherical.h */,
				CDC36BE8267BAF3A00C89C9F /* ffversion.h */,
				CDC36BE9267BAF3A00C89C9F /* hwcontext_opencl.h */,
				CDC36BEA267BAF3A00C89C9F /* audio_fifo.h */,
				CDC36BEB267BAF3A00C89C9F /* tree.h */,
				CDC36BEC267BAF3A00C89C9F /* threadmessage.h */,
				CDC36BED267BAF3A00C89C9F /* attributes.h */,
				CDC36BEE267BAF3A00C89C9F /* adler32.h */,
				CDC36BEF267BAF3A00C89C9F /* hwcontext_d3d11va.h */,
				CDC36BF0267BAF3A00C89C9F /* timecode.h */,
				CDC36BF1267BAF3A00C89C9F /* dovi_meta.h */,
				CDC36BF2267BAF3A00C89C9F /* tx.h */,
				CDC36BF3267BAF3A00C89C9F /* sha512.h */,
				CDC36BF4267BAF3A00C89C9F /* hwcontext_dxva2.h */,
				CDC36BF5267BAF3A00C89C9F /* display.h */,
				CDC36BF6267BAF3A00C89C9F /* buffer.h */,
				CDC36BF7267BAF3A00C89C9F /* camellia.h */,
				CDC36BF8267BAF3A00C89C9F /* pixelutils.h */,
				CDC36BF9267BAF3A00C89C9F /* hwcontext_drm.h */,
				CDC36BFA267BAF3A00C89C9F /* common.h */,
				CDC36BFB267BAF3A00C89C9F /* hmac.h */,
				CDC36BFC267BAF3A00C89C9F /* eval.h */,
				CDC36BFD267BAF3A00C89C9F /* dict.h */,
				CDC36BFE267BAF3A00C89C9F /* random_seed.h */,
				CDC36BFF267BAF3A00C89C9F /* opt.h */,
				CDC36C00267BAF3A00C89C9F /* mastering_display_metadata.h */,
				CDC36C01267BAF3A00C89C9F /* log.h */,
				CDC36C02267BAF3A00C89C9F /* aes.h */,
				CDC36C03267BAF3A00C89C9F /* macros.h */,
				CDC36C04267BAF3A00C89C9F /* bswap.h */,
				CDC36C05267BAF3A00C89C9F /* rc4.h */,
				CDC36C06267BAF3A00C89C9F /* tea.h */,
				CDC36C07267BAF3A00C89C9F /* cpu.h */,
				CDC36C08267BAF3A00C89C9F /* lzo.h */,
				CDC36C09267BAF3A00C89C9F /* des.h */,
				CDC36C0A267BAF3A00C89C9F /* channel_layout.h */,
				CDC36C0B267BAF3A00C89C9F /* encryption_info.h */,
				CDC36C0C267BAF3A00C89C9F /* twofish.h */,
				CDC36C0D267BAF3A00C89C9F /* imgutils.h */,
				CDC36C0E267BAF3A00C89C9F /* hwcontext_videotoolbox.h */,
				CDC36C0F267BAF3A00C89C9F /* video_enc_params.h */,
				CDC36C10267BAF3A00C89C9F /* mem.h */,
				CDC36C11267BAF3A00C89C9F /* parseutils.h */,
				CDC36C12267BAF3A00C89C9F /* ripemd.h */,
				CDC36C13267BAF3A00C89C9F /* bprint.h */,
				CDC36C14267BAF3A00C89C9F /* hdr_dynamic_metadata.h */,
				CDC36C15267BAF3A00C89C9F /* hwcontext_qsv.h */,
				CDC36C16267BAF3A00C89C9F /* pixfmt.h */,
				CDC36C17267BAF3A00C89C9F /* aes_ctr.h */,
				CDC36C18267BAF3A00C89C9F /* timestamp.h */,
				CDC36C19267BAF3A00C89C9F /* downmix_info.h */,
				CDC36C1A267BAF3A00C89C9F /* avassert.h */,
				CDC36C1B267BAF3A00C89C9F /* hash.h */,
				CDC36C1C267BAF3A00C89C9F /* mathematics.h */,
				CDC36C1D267BAF3A00C89C9F /* intreadwrite.h */,
				CDC36C1E267BAF3A00C89C9F /* avstring.h */,
			);
			path = libavutil;
			sourceTree = "<group>";
		};
		CDC36C1F267BAF3A00C89C9F /* libavdevice */ = {
			isa = PBXGroup;
			children = (
				CDC36C20267BAF3A00C89C9F /* version.h */,
				CDC36C21267BAF3A00C89C9F /* avdevice.h */,
			);
			path = libavdevice;
			sourceTree = "<group>";
		};
		CDC36C22267BAF3A00C89C9F /* libavformat */ = {
			isa = PBXGroup;
			children = (
				CDC36C23267BAF3A00C89C9F /* version.h */,
				CDC36C24267BAF3A00C89C9F /* avio.h */,
				CDC36C25267BAF3A00C89C9F /* avformat.h */,
			);
			path = libavformat;
			sourceTree = "<group>";
		};
		CDC36C26267BAF3A00C89C9F /* libswscale */ = {
			isa = PBXGroup;
			children = (
				CDC36C27267BAF3A00C89C9F /* version.h */,
				CDC36C28267BAF3A00C89C9F /* swscale.h */,
			);
			path = libswscale;
			sourceTree = "<group>";
		};
		CDC36C29267BAF3A00C89C9F /* libavcodec */ = {
			isa = PBXGroup;
			children = (
				CDC36C2A267BAF3A00C89C9F /* adts_parser.h */,
				CDC36C2B267BAF3A00C89C9F /* avcodec.h */,
				CDC36C2C267BAF3A00C89C9F /* version.h */,
				CDC36C2D267BAF3A00C89C9F /* vdpau.h */,
				CDC36C2E267BAF3A00C89C9F /* codec_par.h */,
				CDC36C2F267BAF3A00C89C9F /* qsv.h */,
				CDC36C30267BAF3A00C89C9F /* vaapi.h */,
				CDC36C31267BAF3A00C89C9F /* codec_desc.h */,
				CDC36C32267BAF3A00C89C9F /* videotoolbox.h */,
				CDC36C33267BAF3A00C89C9F /* xvmc.h */,
				CDC36C34267BAF3A00C89C9F /* mediacodec.h */,
				CDC36C35267BAF3A00C89C9F /* d3d11va.h */,
				CDC36C36267BAF3A00C89C9F /* avfft.h */,
				CDC36C37267BAF3A00C89C9F /* codec.h */,
				CDC36C38267BAF3A00C89C9F /* jni.h */,
				CDC36C39267BAF3A00C89C9F /* packet.h */,
				CDC36C3A267BAF3A00C89C9F /* bsf.h */,
				CDC36C3B267BAF3A00C89C9F /* codec_id.h */,
				CDC36C3C267BAF3A00C89C9F /* dirac.h */,
				CDC36C3D267BAF3A00C89C9F /* avdct.h */,
				CDC36C3E267BAF3A00C89C9F /* ac3_parser.h */,
				CDC36C3F267BAF3A00C89C9F /* vorbis_parser.h */,
				CDC36C40267BAF3A00C89C9F /* dxva2.h */,
				CDC36C41267BAF3A00C89C9F /* dv_profile.h */,
			);
			path = libavcodec;
			sourceTree = "<group>";
		};
		CDC36C42267BAF3A00C89C9F /* libswresample */ = {
			isa = PBXGroup;
			children = (
				CDC36C43267BAF3A00C89C9F /* version.h */,
				CDC36C44267BAF3A00C89C9F /* swresample.h */,
			);
			path = libswresample;
			sourceTree = "<group>";
		};
		CDC36C54267BAF5700C89C9F /* FFmpeg */ = {
			isa = PBXGroup;
			children = (
				CDC36C55267BAF6100C89C9F /* lib */,
				CDC36BC2267BAF3A00C89C9F /* include */,
			);
			path = FFmpeg;
			sourceTree = "<group>";
		};
		CDC36C55267BAF6100C89C9F /* lib */ = {
			isa = PBXGroup;
			children = (
				CDC36C57267BAF6100C89C9F /* libavutil.a */,
				CDC36C5B267BAF6100C89C9F /* libavfilter.a */,
				CDC36C59267BAF6100C89C9F /* libavcodec.a */,
				CDC36C5C267BAF6100C89C9F /* libavformat.a */,
				CDC36C58267BAF6100C89C9F /* libavdevice.a */,
				CDC36C5A267BAF6100C89C9F /* libswresample.a */,
				CDC36C56267BAF6100C89C9F /* libswscale.a */,
			);
			path = lib;
			sourceTree = "<group>";
		};
		CDC36C5D267BAF9500C89C9F /* RecordAudio */ = {
			isa = PBXGroup;
			children = (
				CDC36C5E267BAFB900C89C9F /* AudioViewController.h */,
				CDC36C5F267BAFB900C89C9F /* AudioViewController.mm */,
				CDC36C77267BB56500C89C9F /* Test.cpp */,
				CDC36C78267BB56500C89C9F /* Test.hpp */,
			);
			path = RecordAudio;
			sourceTree = "<group>";
		};
		CDC36C61267BB2B300C89C9F /* Frameworks */ = {
			isa = PBXGroup;
			children = (
				CDCA571C267E51AF00468FC2 /* CoreHaptics.framework */,
				CDCA571A267E4FC100468FC2 /* Accelerate.framework */,
				CDCA5718267E4E7000468FC2 /* QuartzCore.framework */,
				CDCA5716267E4E5C00468FC2 /* CoreBluetooth.framework */,
				CDCA5714267E4E5500468FC2 /* CoreGraphics.framework */,
				CDCA5712267E4E4B00468FC2 /* UIKit.framework */,
				CDCA5710267E4E4400468FC2 /* GameController.framework */,
				CDCA570E267E4E3900468FC2 /* CoreMotion.framework */,
				CDCA570C267E4E3000468FC2 /* OpenGLES.framework */,
				CDCA570A267E4DFE00468FC2 /* Metal.framework */,
				CDCA502F267E46B400468FC2 /* CoreAudio.framework */,
				CDCA502D267E468700468FC2 /* CoreVideo.framework */,
				CDC36C75267BB34F00C89C9F /* CoreMedia.framework */,
				CDC36C73267BB34200C89C9F /* VideoToolbox.framework */,
				CDC36C71267BB33B00C89C9F /* AudioToolbox.framework */,
				CDC36C6F267BB32700C89C9F /* libiconv.tbd */,
				CDC36C6D267BB30C00C89C9F /* libbz2.tbd */,
				CDC36C6B267BB2EB00C89C9F /* libz.tbd */,
				CDC36C62267BB2B300C89C9F /* AVFoundation.framework */,
			);
			name = Frameworks;
			sourceTree = "<group>";
		};
		CDC36C7D267C437800C89C9F /* Utils */ = {
			isa = PBXGroup;
			children = (
				CDC36C7E267C43A900C89C9F /* PermenantThread.h */,
				CDC36C7F267C43A900C89C9F /* PermenantThread.m */,
			);
			path = Utils;
			sourceTree = "<group>";
		};
		CDCA4FBC267E443E00468FC2 /* SDL */ = {
			isa = PBXGroup;
			children = (
				CDCA4FBD267E44CA00468FC2 /* arm64-ios */,
			);
			path = SDL;
			sourceTree = "<group>";
		};
		CDCA4FBD267E44CA00468FC2 /* arm64-ios */ = {
			isa = PBXGroup;
			children = (
				CDCA56AD267E47BD00468FC2 /* include */,
				CDCA5697267E47B000468FC2 /* lib */,
			);
			path = "arm64-ios";
			sourceTree = "<group>";
		};
		CDCA5697267E47B000468FC2 /* lib */ = {
			isa = PBXGroup;
			children = (
				CDCA5698267E47B000468FC2 /* pkgconfig */,
				CDCA569A267E47B000468FC2 /* cmake */,
				CDCA569F267E47B000468FC2 /* libSDL2main.a */,
				CDCA56A0267E47B000468FC2 /* libSDL2.a */,
			);
			path = lib;
			sourceTree = "<group>";
		};
		CDCA5698267E47B000468FC2 /* pkgconfig */ = {
			isa = PBXGroup;
			children = (
				CDCA5699267E47B000468FC2 /* sdl2.pc */,
			);
			path = pkgconfig;
			sourceTree = "<group>";
		};
		CDCA569A267E47B000468FC2 /* cmake */ = {
			isa = PBXGroup;
			children = (
				CDCA569B267E47B000468FC2 /* SDL2 */,
			);
			path = cmake;
			sourceTree = "<group>";
		};
		CDCA569B267E47B000468FC2 /* SDL2 */ = {
			isa = PBXGroup;
			children = (
				CDCA569C267E47B000468FC2 /* sdl2-config-version.cmake */,
				CDCA569D267E47B000468FC2 /* sdl2-config.cmake */,
			);
			path = SDL2;
			sourceTree = "<group>";
		};
		CDCA56AD267E47BD00468FC2 /* include */ = {
			isa = PBXGroup;
			children = (
				CDCA56AE267E47BD00468FC2 /* SDL2 */,
			);
			path = include;
			sourceTree = "<group>";
		};
		CDCA56AE267E47BD00468FC2 /* SDL2 */ = {
			isa = PBXGroup;
			children = (
				CDCA56AF267E47BD00468FC2 /* SDL_misc.h */,
				CDCA56B0267E47BD00468FC2 /* SDL_opengles2_gl2ext.h */,
				CDCA56B1267E47BD00468FC2 /* SDL_test_random.h */,
				CDCA56B2267E47BD00468FC2 /* SDL_power.h */,
				CDCA56B3267E47BD00468FC2 /* SDL_revision.h */,
				CDCA56B4267E47BD00468FC2 /* SDL_events.h */,
				CDCA56B5267E47BD00468FC2 /* SDL_clipboard.h */,
				CDCA56B6267E47BD00468FC2 /* SDL_haptic.h */,
				CDCA56B7267E47BD00468FC2 /* SDL_test.h */,
				CDCA56B8267E47BD00468FC2 /* SDL_test_assert.h */,
				CDCA56B9267E47BD00468FC2 /* SDL_endian.h */,
				CDCA56BA267E47BD00468FC2 /* SDL_error.h */,
				CDCA56BB267E47BD00468FC2 /* begin_code.h */,
				CDCA56BC267E47BD00468FC2 /* SDL_types.h */,
				CDCA56BD267E47BD00468FC2 /* SDL_keycode.h */,
				CDCA56BE267E47BD00468FC2 /* SDL_keyboard.h */,
				CDCA56BF267E47BD00468FC2 /* SDL_opengl_glext.h */,
				CDCA56C0267E47BD00468FC2 /* SDL_test_crc32.h */,
				CDCA56C1267E47BD00468FC2 /* SDL_test_font.h */,
				CDCA56C2267E47BD00468FC2 /* SDL_test_log.h */,
				CDCA56C3267E47BD00468FC2 /* SDL_egl.h */,
				CDCA56C4267E47BD00468FC2 /* SDL_vulkan.h */,
				CDCA56C5267E47BD00468FC2 /* SDL_test_memory.h */,
				CDCA56C6267E47BD00468FC2 /* SDL_main.h */,
				CDCA56C7267E47BD00468FC2 /* SDL_stdinc.h */,
				CDCA56C8267E47BD00468FC2 /* SDL_scancode.h */,
				CDCA56C9267E47BD00468FC2 /* SDL_quit.h */,
				CDCA56CA267E47BD00468FC2 /* SDL_touch.h */,
				CDCA56CB267E47BD00468FC2 /* SDL_opengles2.h */,
				CDCA56CC267E47BD00468FC2 /* SDL_test_images.h */,
				CDCA56CD267E47BD00468FC2 /* SDL_name.h */,
				CDCA56CE267E47BD00468FC2 /* SDL_platform.h */,
				CDCA56CF267E47BD00468FC2 /* SDL_shape.h */,
				CDCA56D0267E47BD00468FC2 /* SDL_locale.h */,
				CDCA56D1267E47BD00468FC2 /* SDL_loadso.h */,
				CDCA56D2267E47BD00468FC2 /* SDL_test_common.h */,
				CDCA56D3267E47BD00468FC2 /* SDL_config.h */,
				CDCA56D4267E47BD00468FC2 /* SDL_audio.h */,
				CDCA56D5267E47BD00468FC2 /* SDL_sensor.h */,
				CDCA56D6267E47BD00468FC2 /* SDL_opengl.h */,
				CDCA56D7267E47BD00468FC2 /* SDL_blendmode.h */,
				CDCA56D8267E47BD00468FC2 /* SDL_gesture.h */,
				CDCA56D9267E47BD00468FC2 /* SDL_test_fuzzer.h */,
				CDCA56DA267E47BD00468FC2 /* SDL_opengles.h */,
				CDCA56DB267E47BD00468FC2 /* SDL_system.h */,
				CDCA56DC267E47BD00468FC2 /* SDL_hints.h */,
				CDCA56DD267E47BD00468FC2 /* SDL_mouse.h */,
				CDCA56DE267E47BD00468FC2 /* SDL_timer.h */,
				CDCA56DF267E47BD00468FC2 /* SDL_surface.h */,
				CDCA56E0267E47BD00468FC2 /* SDL_atomic.h */,
				CDCA56E1267E47BD00468FC2 /* SDL_log.h */,
				CDCA56E2267E47BD00468FC2 /* SDL_rwops.h */,
				CDCA56E3267E47BD00468FC2 /* SDL_render.h */,
				CDCA56E4267E47BD00468FC2 /* SDL_syswm.h */,
				CDCA56E5267E47BD00468FC2 /* SDL_bits.h */,
				CDCA56E6267E47BD00468FC2 /* SDL_video.h */,
				CDCA56E7267E47BD00468FC2 /* SDL_assert.h */,
				CDCA56E8267E47BD00468FC2 /* SDL_version.h */,
				CDCA56E9267E47BD00468FC2 /* SDL_gamecontroller.h */,
				CDCA56EA267E47BD00468FC2 /* SDL_thread.h */,
				CDCA56EB267E47BD00468FC2 /* SDL_test_harness.h */,
				CDCA56EC267E47BD00468FC2 /* SDL_rect.h */,
				CDCA56ED267E47BD00468FC2 /* SDL_metal.h */,
				CDCA56EE267E47BD00468FC2 /* SDL_mutex.h */,
				CDCA56EF267E47BD00468FC2 /* close_code.h */,
				CDCA56F0267E47BD00468FC2 /* SDL_joystick.h */,
				CDCA56F1267E47BD00468FC2 /* SDL.h */,
				CDCA56F2267E47BD00468FC2 /* SDL_filesystem.h */,
				CDCA56F3267E47BD00468FC2 /* SDL_messagebox.h */,
				CDCA56F4267E47BD00468FC2 /* SDL_opengles2_gl2platform.h */,
				CDCA56F5267E47BD00468FC2 /* SDL_opengles2_khrplatform.h */,
				CDCA56F6267E47BD00468FC2 /* SDL_test_md5.h */,
				CDCA56F7267E47BD00468FC2 /* SDL_pixels.h */,
				CDCA56F8267E47BD00468FC2 /* SDL_cpuinfo.h */,
				CDCA56F9267E47BD00468FC2 /* SDL_test_compare.h */,
				CDCA56FA267E47BD00468FC2 /* SDL_opengles2_gl2.h */,
			);
			path = SDL2;
			sourceTree = "<group>";
		};
/* End PBXGroup section */

/* Begin PBXNativeTarget section */
		CDA8D77E25C2A4ED00CB33D4 /* FaceWorkflow */ = {
			isa = PBXNativeTarget;
			buildConfigurationList = CDA8D79325C2A4EF00CB33D4 /* Build configuration list for PBXNativeTarget "FaceWorkflow" */;
			buildPhases = (
				CDA8D77B25C2A4ED00CB33D4 /* Sources */,
				CDA8D77C25C2A4ED00CB33D4 /* Frameworks */,
				CDA8D77D25C2A4ED00CB33D4 /* Resources */,
			);
			buildRules = (
			);
			dependencies = (
			);
			name = FaceWorkflow;
			productName = FaceWorkflow;
			productReference = CDA8D77F25C2A4ED00CB33D4 /* FaceWorkflow.app */;
			productType = "com.apple.product-type.application";
		};
/* End PBXNativeTarget section */

/* Begin PBXProject section */
		CDA8D77725C2A4ED00CB33D4 /* Project object */ = {
			isa = PBXProject;
			attributes = {
				LastSwiftUpdateCheck = 1240;
				LastUpgradeCheck = 1240;
				TargetAttributes = {
					CDA8D77E25C2A4ED00CB33D4 = {
						CreatedOnToolsVersion = 12.4;
					};
				};
			};
			buildConfigurationList = CDA8D77A25C2A4ED00CB33D4 /* Build configuration list for PBXProject "FaceWorkflow" */;
			compatibilityVersion = "Xcode 9.3";
			developmentRegion = en;
			hasScannedForEncodings = 0;
			knownRegions = (
				en,
				Base,
				English,
			);
			mainGroup = CDA8D77625C2A4ED00CB33D4;
			productRefGroup = CDA8D78025C2A4ED00CB33D4 /* Products */;
			projectDirPath = "";
			projectRoot = "";
			targets = (
				CDA8D77E25C2A4ED00CB33D4 /* FaceWorkflow */,
			);
		};
/* End PBXProject section */

/* Begin PBXResourcesBuildPhase section */
		CDA8D77D25C2A4ED00CB33D4 /* Resources */ = {
			isa = PBXResourcesBuildPhase;
			buildActionMask = 2147483647;
			files = (
				CDCA56A4267E47B000468FC2 /* sdl2.pc in Resources */,
				CDA8D78F25C2A4EF00CB33D4 /* LaunchScreen.storyboard in Resources */,
				CDA8D78C25C2A4EF00CB33D4 /* Assets.xcassets in Resources */,
				CDCA56A5267E47B000468FC2 /* sdl2-config-version.cmake in Resources */,
				CDCA56A6267E47B000468FC2 /* sdl2-config.cmake in Resources */,
			);
			runOnlyForDeploymentPostprocessing = 0;
		};
/* End PBXResourcesBuildPhase section */

/* Begin PBXSourcesBuildPhase section */
		CDA8D77B25C2A4ED00CB33D4 /* Sources */ = {
			isa = PBXSourcesBuildPhase;
			buildActionMask = 2147483647;
			files = (
				CDA8D78725C2A4ED00CB33D4 /* ViewController.swift in Sources */,
				CDC36C80267C43A900C89C9F /* PermenantThread.m in Sources */,
				CDC36C79267BB56500C89C9F /* Test.cpp in Sources */,
				CDA8D78325C2A4ED00CB33D4 /* AppDelegate.swift in Sources */,
				CDC36C60267BAFB900C89C9F /* AudioViewController.mm in Sources */,
			);
			runOnlyForDeploymentPostprocessing = 0;
		};
/* End PBXSourcesBuildPhase section */

/* Begin PBXVariantGroup section */
		CDA8D78D25C2A4EF00CB33D4 /* LaunchScreen.storyboard */ = {
			isa = PBXVariantGroup;
			children = (
				CDA8D78E25C2A4EF00CB33D4 /* Base */,
			);
			name = LaunchScreen.storyboard;
			sourceTree = "<group>";
		};
/* End PBXVariantGroup section */

/* Begin XCBuildConfiguration section */
		CDA8D79125C2A4EF00CB33D4 /* Debug */ = {
			isa = XCBuildConfiguration;
			buildSettings = {
				ALWAYS_SEARCH_USER_PATHS = NO;
				CLANG_ANALYZER_NONNULL = YES;
				CLANG_ANALYZER_NUMBER_OBJECT_CONVERSION = YES_AGGRESSIVE;
				CLANG_CXX_LANGUAGE_STANDARD = "gnu++14";
				CLANG_CXX_LIBRARY = "libc++";
				CLANG_ENABLE_MODULES = YES;
				CLANG_ENABLE_OBJC_ARC = YES;
				CLANG_ENABLE_OBJC_WEAK = YES;
				CLANG_WARN_BLOCK_CAPTURE_AUTORELEASING = YES;
				CLANG_WARN_BOOL_CONVERSION = YES;
				CLANG_WARN_COMMA = YES;
				CLANG_WARN_CONSTANT_CONVERSION = YES;
				CLANG_WARN_DEPRECATED_OBJC_IMPLEMENTATIONS = YES;
				CLANG_WARN_DIRECT_OBJC_ISA_USAGE = YES_ERROR;
				CLANG_WARN_DOCUMENTATION_COMMENTS = YES;
				CLANG_WARN_EMPTY_BODY = YES;
				CLANG_WARN_ENUM_CONVERSION = YES;
				CLANG_WARN_INFINITE_RECURSION = YES;
				CLANG_WARN_INT_CONVERSION = YES;
				CLANG_WARN_NON_LITERAL_NULL_CONVERSION = YES;
				CLANG_WARN_OBJC_IMPLICIT_RETAIN_SELF = YES;
				CLANG_WARN_OBJC_LITERAL_CONVERSION = YES;
				CLANG_WARN_OBJC_ROOT_CLASS = YES_ERROR;
				CLANG_WARN_QUOTED_INCLUDE_IN_FRAMEWORK_HEADER = YES;
				CLANG_WARN_RANGE_LOOP_ANALYSIS = YES;
				CLANG_WARN_STRICT_PROTOTYPES = YES;
				CLANG_WARN_SUSPICIOUS_MOVE = YES;
				CLANG_WARN_UNGUARDED_AVAILABILITY = YES_AGGRESSIVE;
				CLANG_WARN_UNREACHABLE_CODE = YES;
				CLANG_WARN__DUPLICATE_METHOD_MATCH = YES;
				COPY_PHASE_STRIP = NO;
				DEBUG_INFORMATION_FORMAT = dwarf;
				ENABLE_STRICT_OBJC_MSGSEND = YES;
				ENABLE_TESTABILITY = YES;
				GCC_C_LANGUAGE_STANDARD = gnu11;
				GCC_DYNAMIC_NO_PIC = NO;
				GCC_NO_COMMON_BLOCKS = YES;
				GCC_OPTIMIZATION_LEVEL = 0;
				GCC_PREPROCESSOR_DEFINITIONS = (
					"DEBUG=1",
					"$(inherited)",
				);
				GCC_WARN_64_TO_32_BIT_CONVERSION = YES;
				GCC_WARN_ABOUT_RETURN_TYPE = YES_ERROR;
				GCC_WARN_UNDECLARED_SELECTOR = YES;
				GCC_WARN_UNINITIALIZED_AUTOS = YES_AGGRESSIVE;
				GCC_WARN_UNUSED_FUNCTION = YES;
				GCC_WARN_UNUSED_VARIABLE = YES;
				IPHONEOS_DEPLOYMENT_TARGET = 14.4;
				MTL_ENABLE_DEBUG_INFO = INCLUDE_SOURCE;
				MTL_FAST_MATH = YES;
				ONLY_ACTIVE_ARCH = YES;
				SDKROOT = iphoneos;
				SWIFT_ACTIVE_COMPILATION_CONDITIONS = DEBUG;
				SWIFT_OPTIMIZATION_LEVEL = "-Onone";
			};
			name = Debug;
		};
		CDA8D79225C2A4EF00CB33D4 /* Release */ = {
			isa = XCBuildConfiguration;
			buildSettings = {
				ALWAYS_SEARCH_USER_PATHS = NO;
				CLANG_ANALYZER_NONNULL = YES;
				CLANG_ANALYZER_NUMBER_OBJECT_CONVERSION = YES_AGGRESSIVE;
				CLANG_CXX_LANGUAGE_STANDARD = "gnu++14";
				CLANG_CXX_LIBRARY = "libc++";
				CLANG_ENABLE_MODULES = YES;
				CLANG_ENABLE_OBJC_ARC = YES;
				CLANG_ENABLE_OBJC_WEAK = YES;
				CLANG_WARN_BLOCK_CAPTURE_AUTORELEASING = YES;
				CLANG_WARN_BOOL_CONVERSION = YES;
				CLANG_WARN_COMMA = YES;
				CLANG_WARN_CONSTANT_CONVERSION = YES;
				CLANG_WARN_DEPRECATED_OBJC_IMPLEMENTATIONS = YES;
				CLANG_WARN_DIRECT_OBJC_ISA_USAGE = YES_ERROR;
				CLANG_WARN_DOCUMENTATION_COMMENTS = YES;
				CLANG_WARN_EMPTY_BODY = YES;
				CLANG_WARN_ENUM_CONVERSION = YES;
				CLANG_WARN_INFINITE_RECURSION = YES;
				CLANG_WARN_INT_CONVERSION = YES;
				CLANG_WARN_NON_LITERAL_NULL_CONVERSION = YES;
				CLANG_WARN_OBJC_IMPLICIT_RETAIN_SELF = YES;
				CLANG_WARN_OBJC_LITERAL_CONVERSION = YES;
				CLANG_WARN_OBJC_ROOT_CLASS = YES_ERROR;
				CLANG_WARN_QUOTED_INCLUDE_IN_FRAMEWORK_HEADER = YES;
				CLANG_WARN_RANGE_LOOP_ANALYSIS = YES;
				CLANG_WARN_STRICT_PROTOTYPES = YES;
				CLANG_WARN_SUSPICIOUS_MOVE = YES;
				CLANG_WARN_UNGUARDED_AVAILABILITY = YES_AGGRESSIVE;
				CLANG_WARN_UNREACHABLE_CODE = YES;
				CLANG_WARN__DUPLICATE_METHOD_MATCH = YES;
				COPY_PHASE_STRIP = NO;
				DEBUG_INFORMATION_FORMAT = "dwarf-with-dsym";
				ENABLE_NS_ASSERTIONS = NO;
				ENABLE_STRICT_OBJC_MSGSEND = YES;
				GCC_C_LANGUAGE_STANDARD = gnu11;
				GCC_NO_COMMON_BLOCKS = YES;
				GCC_WARN_64_TO_32_BIT_CONVERSION = YES;
				GCC_WARN_ABOUT_RETURN_TYPE = YES_ERROR;
				GCC_WARN_UNDECLARED_SELECTOR = YES;
				GCC_WARN_UNINITIALIZED_AUTOS = YES_AGGRESSIVE;
				GCC_WARN_UNUSED_FUNCTION = YES;
				GCC_WARN_UNUSED_VARIABLE = YES;
				IPHONEOS_DEPLOYMENT_TARGET = 14.4;
				MTL_ENABLE_DEBUG_INFO = NO;
				MTL_FAST_MATH = YES;
				SDKROOT = iphoneos;
				SWIFT_COMPILATION_MODE = wholemodule;
				SWIFT_OPTIMIZATION_LEVEL = "-O";
				VALIDATE_PRODUCT = YES;
			};
			name = Release;
		};
		CDA8D79425C2A4EF00CB33D4 /* Debug */ = {
			isa = XCBuildConfiguration;
			buildSettings = {
				ASSETCATALOG_COMPILER_APPICON_NAME = AppIcon;
				ASSETCATALOG_COMPILER_GLOBAL_ACCENT_COLOR_NAME = AccentColor;
				CODE_SIGN_IDENTITY = "iPhone Developer";
				CODE_SIGN_STYLE = Manual;
				DEVELOPMENT_TEAM = YFZ6GPTEHY;
				ENABLE_BITCODE = NO;
				HEADER_SEARCH_PATHS = (
					"$(PROJECT_DIR)/FaceWorkflow/Lib/FFmpeg/include",
					"$(PROJECT_DIR)/FaceWorkflow/Lib/SDL/arm64-ios/include/SDL2",
				);
				INFOPLIST_FILE = FaceWorkflow/Info.plist;
				IPHONEOS_DEPLOYMENT_TARGET = 11.0;
				LD_RUNPATH_SEARCH_PATHS = (
					"$(inherited)",
					"@executable_path/Frameworks",
				);
				LIBRARY_SEARCH_PATHS = (
					"$(inherited)",
					"$(PROJECT_DIR)/FaceWorkflow/Lib/FFmpeg/lib",
					"$(PROJECT_DIR)/FaceWorkflow/Lib/SDL/arm64-ios/lib",
				);
				OTHER_LDFLAGS = (
					"-weak_framework",
					GameController,
				);
				PRODUCT_BUNDLE_IDENTIFIER = com.vstudio.inFace;
				PRODUCT_NAME = "$(TARGET_NAME)";
				PROVISIONING_PROFILE_SPECIFIER = vstudio_development_inFace;
				SWIFT_OBJC_BRIDGING_HEADER = FaceWorkflow/Middleware/BridgeHeader.h;
				SWIFT_VERSION = 5.0;
				TARGETED_DEVICE_FAMILY = "1,2";
			};
			name = Debug;
		};
		CDA8D79525C2A4EF00CB33D4 /* Release */ = {
			isa = XCBuildConfiguration;
			buildSettings = {
				ASSETCATALOG_COMPILER_APPICON_NAME = AppIcon;
				ASSETCATALOG_COMPILER_GLOBAL_ACCENT_COLOR_NAME = AccentColor;
				CODE_SIGN_IDENTITY = "iPhone Developer";
				CODE_SIGN_STYLE = Manual;
				DEVELOPMENT_TEAM = YFZ6GPTEHY;
				ENABLE_BITCODE = NO;
				HEADER_SEARCH_PATHS = (
					"$(PROJECT_DIR)/FaceWorkflow/Lib/FFmpeg/include",
					"$(PROJECT_DIR)/FaceWorkflow/Lib/SDL/arm64-ios/include/SDL2",
				);
				INFOPLIST_FILE = FaceWorkflow/Info.plist;
				IPHONEOS_DEPLOYMENT_TARGET = 11.0;
				LD_RUNPATH_SEARCH_PATHS = (
					"$(inherited)",
					"@executable_path/Frameworks",
				);
				LIBRARY_SEARCH_PATHS = (
					"$(inherited)",
					"$(PROJECT_DIR)/FaceWorkflow/Lib/FFmpeg/lib",
					"$(PROJECT_DIR)/FaceWorkflow/Lib/SDL/arm64-ios/lib",
				);
				OTHER_LDFLAGS = (
					"-weak_framework",
					GameController,
				);
				PRODUCT_BUNDLE_IDENTIFIER = com.vstudio.inFace;
				PRODUCT_NAME = "$(TARGET_NAME)";
				PROVISIONING_PROFILE_SPECIFIER = vstudio_development_inFace;
				SWIFT_OBJC_BRIDGING_HEADER = FaceWorkflow/Middleware/BridgeHeader.h;
				SWIFT_VERSION = 5.0;
				TARGETED_DEVICE_FAMILY = "1,2";
			};
			name = Release;
		};
/* End XCBuildConfiguration section */

/* Begin XCConfigurationList section */
		CDA8D77A25C2A4ED00CB33D4 /* Build configuration list for PBXProject "FaceWorkflow" */ = {
			isa = XCConfigurationList;
			buildConfigurations = (
				CDA8D79125C2A4EF00CB33D4 /* Debug */,
				CDA8D79225C2A4EF00CB33D4 /* Release */,
			);
			defaultConfigurationIsVisible = 0;
			defaultConfigurationName = Release;
		};
		CDA8D79325C2A4EF00CB33D4 /* Build configuration list for PBXNativeTarget "FaceWorkflow" */ = {
			isa = XCConfigurationList;
			buildConfigurations = (
				CDA8D79425C2A4EF00CB33D4 /* Debug */,
				CDA8D79525C2A4EF00CB33D4 /* Release */,
			);
			defaultConfigurationIsVisible = 0;
			defaultConfigurationName = Release;
		};
/* End XCConfigurationList section */
	};
	rootObject = CDA8D77725C2A4ED00CB33D4 /* Project object */;
}
